// !$*UTF8*$!
{
	archiveVersion = 1;
	classes = {
	};
	objectVersion = 50;
	objects = {

/* Begin PBXBuildFile section */
		B8DFFCFE253464E900D94A56 /* AppDelegate.swift in Sources */ = {isa = PBXBuildFile; fileRef = B8DFFCFD253464E900D94A56 /* AppDelegate.swift */; };
		B8DFFD00253464E900D94A56 /* SceneDelegate.swift in Sources */ = {isa = PBXBuildFile; fileRef = B8DFFCFF253464E900D94A56 /* SceneDelegate.swift */; };
		B8DFFD02253464E900D94A56 /* MainViewController.swift in Sources */ = {isa = PBXBuildFile; fileRef = B8DFFD01253464E900D94A56 /* MainViewController.swift */; };
		B8DFFD05253464E900D94A56 /* Main.storyboard in Resources */ = {isa = PBXBuildFile; fileRef = B8DFFD03253464E900D94A56 /* Main.storyboard */; };
		B8DFFD07253464EF00D94A56 /* Assets.xcassets in Resources */ = {isa = PBXBuildFile; fileRef = B8DFFD06253464EF00D94A56 /* Assets.xcassets */; };
		B8DFFD0A253464EF00D94A56 /* LaunchScreen.storyboard in Resources */ = {isa = PBXBuildFile; fileRef = B8DFFD08253464EF00D94A56 /* LaunchScreen.storyboard */; };
		B8DFFD15253464EF00D94A56 /* _7thFirstWeekAssignmentTests.swift in Sources */ = {isa = PBXBuildFile; fileRef = B8DFFD14253464EF00D94A56 /* _7thFirstWeekAssignmentTests.swift */; };
		B8DFFD20253464EF00D94A56 /* _7thFirstWeekAssignmentUITests.swift in Sources */ = {isa = PBXBuildFile; fileRef = B8DFFD1F253464EF00D94A56 /* _7thFirstWeekAssignmentUITests.swift */; };
		B8DFFD312534656700D94A56 /* SigninViewController.swift in Sources */ = {isa = PBXBuildFile; fileRef = B8DFFD302534656700D94A56 /* SigninViewController.swift */; };
		B8DFFD362534657100D94A56 /* SignupViewController.swift in Sources */ = {isa = PBXBuildFile; fileRef = B8DFFD352534657100D94A56 /* SignupViewController.swift */; };
/* End PBXBuildFile section */

/* Begin PBXContainerItemProxy section */
		B8DFFD11253464EF00D94A56 /* PBXContainerItemProxy */ = {
			isa = PBXContainerItemProxy;
			containerPortal = B8DFFCF2253464E900D94A56 /* Project object */;
			proxyType = 1;
			remoteGlobalIDString = B8DFFCF9253464E900D94A56;
			remoteInfo = 27thFirstWeekAssignment;
		};
		B8DFFD1C253464EF00D94A56 /* PBXContainerItemProxy */ = {
			isa = PBXContainerItemProxy;
			containerPortal = B8DFFCF2253464E900D94A56 /* Project object */;
			proxyType = 1;
			remoteGlobalIDString = B8DFFCF9253464E900D94A56;
			remoteInfo = 27thFirstWeekAssignment;
		};
/* End PBXContainerItemProxy section */

/* Begin PBXFileReference section */
		B8DFFCFA253464E900D94A56 /* 27thFirstWeekAssignment.app */ = {isa = PBXFileReference; explicitFileType = wrapper.application; includeInIndex = 0; path = 27thFirstWeekAssignment.app; sourceTree = BUILT_PRODUCTS_DIR; };
		B8DFFCFD253464E900D94A56 /* AppDelegate.swift */ = {isa = PBXFileReference; lastKnownFileType = sourcecode.swift; path = AppDelegate.swift; sourceTree = "<group>"; };
		B8DFFCFF253464E900D94A56 /* SceneDelegate.swift */ = {isa = PBXFileReference; lastKnownFileType = sourcecode.swift; path = SceneDelegate.swift; sourceTree = "<group>"; };
		B8DFFD01253464E900D94A56 /* MainViewController.swift */ = {isa = PBXFileReference; lastKnownFileType = sourcecode.swift; path = MainViewController.swift; sourceTree = "<group>"; };
		B8DFFD04253464E900D94A56 /* Base */ = {isa = PBXFileReference; lastKnownFileType = file.storyboard; name = Base; path = Base.lproj/Main.storyboard; sourceTree = "<group>"; };
		B8DFFD06253464EF00D94A56 /* Assets.xcassets */ = {isa = PBXFileReference; lastKnownFileType = folder.assetcatalog; path = Assets.xcassets; sourceTree = "<group>"; };
		B8DFFD09253464EF00D94A56 /* Base */ = {isa = PBXFileReference; lastKnownFileType = file.storyboard; name = Base; path = Base.lproj/LaunchScreen.storyboard; sourceTree = "<group>"; };
		B8DFFD0B253464EF00D94A56 /* Info.plist */ = {isa = PBXFileReference; lastKnownFileType = text.plist.xml; path = Info.plist; sourceTree = "<group>"; };
		B8DFFD10253464EF00D94A56 /* 27thFirstWeekAssignmentTests.xctest */ = {isa = PBXFileReference; explicitFileType = wrapper.cfbundle; includeInIndex = 0; path = 27thFirstWeekAssignmentTests.xctest; sourceTree = BUILT_PRODUCTS_DIR; };
		B8DFFD14253464EF00D94A56 /* _7thFirstWeekAssignmentTests.swift */ = {isa = PBXFileReference; lastKnownFileType = sourcecode.swift; path = _7thFirstWeekAssignmentTests.swift; sourceTree = "<group>"; };
		B8DFFD16253464EF00D94A56 /* Info.plist */ = {isa = PBXFileReference; lastKnownFileType = text.plist.xml; path = Info.plist; sourceTree = "<group>"; };
		B8DFFD1B253464EF00D94A56 /* 27thFirstWeekAssignmentUITests.xctest */ = {isa = PBXFileReference; explicitFileType = wrapper.cfbundle; includeInIndex = 0; path = 27thFirstWeekAssignmentUITests.xctest; sourceTree = BUILT_PRODUCTS_DIR; };
		B8DFFD1F253464EF00D94A56 /* _7thFirstWeekAssignmentUITests.swift */ = {isa = PBXFileReference; lastKnownFileType = sourcecode.swift; path = _7thFirstWeekAssignmentUITests.swift; sourceTree = "<group>"; };
		B8DFFD21253464EF00D94A56 /* Info.plist */ = {isa = PBXFileReference; lastKnownFileType = text.plist.xml; path = Info.plist; sourceTree = "<group>"; };
		B8DFFD302534656700D94A56 /* SigninViewController.swift */ = {isa = PBXFileReference; lastKnownFileType = sourcecode.swift; path = SigninViewController.swift; sourceTree = "<group>"; };
		B8DFFD352534657100D94A56 /* SignupViewController.swift */ = {isa = PBXFileReference; lastKnownFileType = sourcecode.swift; path = SignupViewController.swift; sourceTree = "<group>"; };
/* End PBXFileReference section */

/* Begin PBXFrameworksBuildPhase section */
		B8DFFCF7253464E900D94A56 /* Frameworks */ = {
			isa = PBXFrameworksBuildPhase;
			buildActionMask = 2147483647;
			files = (
			);
			runOnlyForDeploymentPostprocessing = 0;
		};
		B8DFFD0D253464EF00D94A56 /* Frameworks */ = {
			isa = PBXFrameworksBuildPhase;
			buildActionMask = 2147483647;
			files = (
			);
			runOnlyForDeploymentPostprocessing = 0;
		};
		B8DFFD18253464EF00D94A56 /* Frameworks */ = {
			isa = PBXFrameworksBuildPhase;
			buildActionMask = 2147483647;
			files = (
			);
			runOnlyForDeploymentPostprocessing = 0;
		};
/* End PBXFrameworksBuildPhase section */

/* Begin PBXGroup section */
		B8DFFCF1253464E900D94A56 = {
			isa = PBXGroup;
			children = (
				B8DFFCFC253464E900D94A56 /* 27thFirstWeekAssignment */,
				B8DFFD13253464EF00D94A56 /* 27thFirstWeekAssignmentTests */,
				B8DFFD1E253464EF00D94A56 /* 27thFirstWeekAssignmentUITests */,
				B8DFFCFB253464E900D94A56 /* Products */,
			);
			sourceTree = "<group>";
		};
		B8DFFCFB253464E900D94A56 /* Products */ = {
			isa = PBXGroup;
			children = (
				B8DFFCFA253464E900D94A56 /* 27thFirstWeekAssignment.app */,
				B8DFFD10253464EF00D94A56 /* 27thFirstWeekAssignmentTests.xctest */,
				B8DFFD1B253464EF00D94A56 /* 27thFirstWeekAssignmentUITests.xctest */,
			);
			name = Products;
			sourceTree = "<group>";
		};
		B8DFFCFC253464E900D94A56 /* 27thFirstWeekAssignment */ = {
			isa = PBXGroup;
			children = (
				B8DFFCFD253464E900D94A56 /* AppDelegate.swift */,
				B8DFFCFF253464E900D94A56 /* SceneDelegate.swift */,
				B8DFFD01253464E900D94A56 /* MainViewController.swift */,
				B8DFFD03253464E900D94A56 /* Main.storyboard */,
				B8DFFD06253464EF00D94A56 /* Assets.xcassets */,
				B8DFFD08253464EF00D94A56 /* LaunchScreen.storyboard */,
				B8DFFD0B253464EF00D94A56 /* Info.plist */,
				B8DFFD302534656700D94A56 /* SigninViewController.swift */,
				B8DFFD352534657100D94A56 /* SignupViewController.swift */,
			);
			path = 27thFirstWeekAssignment;
			sourceTree = "<group>";
		};
		B8DFFD13253464EF00D94A56 /* 27thFirstWeekAssignmentTests */ = {
			isa = PBXGroup;
			children = (
				B8DFFD14253464EF00D94A56 /* _7thFirstWeekAssignmentTests.swift */,
				B8DFFD16253464EF00D94A56 /* Info.plist */,
			);
			path = 27thFirstWeekAssignmentTests;
			sourceTree = "<group>";
		};
		B8DFFD1E253464EF00D94A56 /* 27thFirstWeekAssignmentUITests */ = {
			isa = PBXGroup;
			children = (
				B8DFFD1F253464EF00D94A56 /* _7thFirstWeekAssignmentUITests.swift */,
				B8DFFD21253464EF00D94A56 /* Info.plist */,
			);
			path = 27thFirstWeekAssignmentUITests;
			sourceTree = "<group>";
		};
/* End PBXGroup section */

/* Begin PBXNativeTarget section */
		B8DFFCF9253464E900D94A56 /* 27thFirstWeekAssignment */ = {
			isa = PBXNativeTarget;
			buildConfigurationList = B8DFFD24253464EF00D94A56 /* Build configuration list for PBXNativeTarget "27thFirstWeekAssignment" */;
			buildPhases = (
				B8DFFCF6253464E900D94A56 /* Sources */,
				B8DFFCF7253464E900D94A56 /* Frameworks */,
				B8DFFCF8253464E900D94A56 /* Resources */,
			);
			buildRules = (
			);
			dependencies = (
			);
			name = 27thFirstWeekAssignment;
			productName = 27thFirstWeekAssignment;
			productReference = B8DFFCFA253464E900D94A56 /* 27thFirstWeekAssignment.app */;
			productType = "com.apple.product-type.application";
		};
		B8DFFD0F253464EF00D94A56 /* 27thFirstWeekAssignmentTests */ = {
			isa = PBXNativeTarget;
			buildConfigurationList = B8DFFD27253464EF00D94A56 /* Build configuration list for PBXNativeTarget "27thFirstWeekAssignmentTests" */;
			buildPhases = (
				B8DFFD0C253464EF00D94A56 /* Sources */,
				B8DFFD0D253464EF00D94A56 /* Frameworks */,
				B8DFFD0E253464EF00D94A56 /* Resources */,
			);
			buildRules = (
			);
			dependencies = (
				B8DFFD12253464EF00D94A56 /* PBXTargetDependency */,
			);
			name = 27thFirstWeekAssignmentTests;
			productName = 27thFirstWeekAssignmentTests;
			productReference = B8DFFD10253464EF00D94A56 /* 27thFirstWeekAssignmentTests.xctest */;
			productType = "com.apple.product-type.bundle.unit-test";
		};
		B8DFFD1A253464EF00D94A56 /* 27thFirstWeekAssignmentUITests */ = {
			isa = PBXNativeTarget;
			buildConfigurationList = B8DFFD2A253464EF00D94A56 /* Build configuration list for PBXNativeTarget "27thFirstWeekAssignmentUITests" */;
			buildPhases = (
				B8DFFD17253464EF00D94A56 /* Sources */,
				B8DFFD18253464EF00D94A56 /* Frameworks */,
				B8DFFD19253464EF00D94A56 /* Resources */,
			);
			buildRules = (
			);
			dependencies = (
				B8DFFD1D253464EF00D94A56 /* PBXTargetDependency */,
			);
			name = 27thFirstWeekAssignmentUITests;
			productName = 27thFirstWeekAssignmentUITests;
			productReference = B8DFFD1B253464EF00D94A56 /* 27thFirstWeekAssignmentUITests.xctest */;
			productType = "com.apple.product-type.bundle.ui-testing";
		};
/* End PBXNativeTarget section */

/* Begin PBXProject section */
		B8DFFCF2253464E900D94A56 /* Project object */ = {
			isa = PBXProject;
			attributes = {
				LastSwiftUpdateCheck = 1200;
				LastUpgradeCheck = 1200;
				TargetAttributes = {
					B8DFFCF9253464E900D94A56 = {
						CreatedOnToolsVersion = 12.0;
					};
					B8DFFD0F253464EF00D94A56 = {
						CreatedOnToolsVersion = 12.0;
						TestTargetID = B8DFFCF9253464E900D94A56;
					};
					B8DFFD1A253464EF00D94A56 = {
						CreatedOnToolsVersion = 12.0;
						TestTargetID = B8DFFCF9253464E900D94A56;
					};
				};
			};
			buildConfigurationList = B8DFFCF5253464E900D94A56 /* Build configuration list for PBXProject "27thFirstWeekAssignment" */;
			compatibilityVersion = "Xcode 9.3";
			developmentRegion = en;
			hasScannedForEncodings = 0;
			knownRegions = (
				en,
				Base,
			);
			mainGroup = B8DFFCF1253464E900D94A56;
			productRefGroup = B8DFFCFB253464E900D94A56 /* Products */;
			projectDirPath = "";
			projectRoot = "";
			targets = (
				B8DFFCF9253464E900D94A56 /* 27thFirstWeekAssignment */,
				B8DFFD0F253464EF00D94A56 /* 27thFirstWeekAssignmentTests */,
				B8DFFD1A253464EF00D94A56 /* 27thFirstWeekAssignmentUITests */,
			);
		};
/* End PBXProject section */

/* Begin PBXResourcesBuildPhase section */
		B8DFFCF8253464E900D94A56 /* Resources */ = {
			isa = PBXResourcesBuildPhase;
			buildActionMask = 2147483647;
			files = (
				B8DFFD0A253464EF00D94A56 /* LaunchScreen.storyboard in Resources */,
				B8DFFD07253464EF00D94A56 /* Assets.xcassets in Resources */,
				B8DFFD05253464E900D94A56 /* Main.storyboard in Resources */,
			);
			runOnlyForDeploymentPostprocessing = 0;
		};
		B8DFFD0E253464EF00D94A56 /* Resources */ = {
			isa = PBXResourcesBuildPhase;
			buildActionMask = 2147483647;
			files = (
			);
			runOnlyForDeploymentPostprocessing = 0;
		};
		B8DFFD19253464EF00D94A56 /* Resources */ = {
			isa = PBXResourcesBuildPhase;
			buildActionMask = 2147483647;
			files = (
			);
			runOnlyForDeploymentPostprocessing = 0;
		};
/* End PBXResourcesBuildPhase section */

/* Begin PBXSourcesBuildPhase section */
		B8DFFCF6253464E900D94A56 /* Sources */ = {
			isa = PBXSourcesBuildPhase;
			buildActionMask = 2147483647;
			files = (
				B8DFFD312534656700D94A56 /* SigninViewController.swift in Sources */,
				B8DFFD02253464E900D94A56 /* MainViewController.swift in Sources */,
				B8DFFD362534657100D94A56 /* SignupViewController.swift in Sources */,
				B8DFFCFE253464E900D94A56 /* AppDelegate.swift in Sources */,
				B8DFFD00253464E900D94A56 /* SceneDelegate.swift in Sources */,
			);
			runOnlyForDeploymentPostprocessing = 0;
		};
		B8DFFD0C253464EF00D94A56 /* Sources */ = {
			isa = PBXSourcesBuildPhase;
			buildActionMask = 2147483647;
			files = (
				B8DFFD15253464EF00D94A56 /* _7thFirstWeekAssignmentTests.swift in Sources */,
			);
			runOnlyForDeploymentPostprocessing = 0;
		};
		B8DFFD17253464EF00D94A56 /* Sources */ = {
			isa = PBXSourcesBuildPhase;
			buildActionMask = 2147483647;
			files = (
				B8DFFD20253464EF00D94A56 /* _7thFirstWeekAssignmentUITests.swift in Sources */,
			);
			runOnlyForDeploymentPostprocessing = 0;
		};
/* End PBXSourcesBuildPhase section */

/* Begin PBXTargetDependency section */
		B8DFFD12253464EF00D94A56 /* PBXTargetDependency */ = {
			isa = PBXTargetDependency;
			target = B8DFFCF9253464E900D94A56 /* 27thFirstWeekAssignment */;
			targetProxy = B8DFFD11253464EF00D94A56 /* PBXContainerItemProxy */;
		};
		B8DFFD1D253464EF00D94A56 /* PBXTargetDependency */ = {
			isa = PBXTargetDependency;
			target = B8DFFCF9253464E900D94A56 /* 27thFirstWeekAssignment */;
			targetProxy = B8DFFD1C253464EF00D94A56 /* PBXContainerItemProxy */;
		};
/* End PBXTargetDependency section */

/* Begin PBXVariantGroup section */
		B8DFFD03253464E900D94A56 /* Main.storyboard */ = {
			isa = PBXVariantGroup;
			children = (
				B8DFFD04253464E900D94A56 /* Base */,
			);
			name = Main.storyboard;
			sourceTree = "<group>";
		};
		B8DFFD08253464EF00D94A56 /* LaunchScreen.storyboard */ = {
			isa = PBXVariantGroup;
			children = (
				B8DFFD09253464EF00D94A56 /* Base */,
			);
			name = LaunchScreen.storyboard;
			sourceTree = "<group>";
		};
/* End PBXVariantGroup section */

/* Begin XCBuildConfiguration section */
		B8DFFD22253464EF00D94A56 /* Debug */ = {
			isa = XCBuildConfiguration;
			buildSettings = {
				ALWAYS_SEARCH_USER_PATHS = NO;
				CLANG_ANALYZER_NONNULL = YES;
				CLANG_ANALYZER_NUMBER_OBJECT_CONVERSION = YES_AGGRESSIVE;
				CLANG_CXX_LANGUAGE_STANDARD = "gnu++14";
				CLANG_CXX_LIBRARY = "libc++";
				CLANG_ENABLE_MODULES = YES;
				CLANG_ENABLE_OBJC_ARC = YES;
				CLANG_ENABLE_OBJC_WEAK = YES;
				CLANG_WARN_BLOCK_CAPTURE_AUTORELEASING = YES;
				CLANG_WARN_BOOL_CONVERSION = YES;
				CLANG_WARN_COMMA = YES;
				CLANG_WARN_CONSTANT_CONVERSION = YES;
				CLANG_WARN_DEPRECATED_OBJC_IMPLEMENTATIONS = YES;
				CLANG_WARN_DIRECT_OBJC_ISA_USAGE = YES_ERROR;
				CLANG_WARN_DOCUMENTATION_COMMENTS = YES;
				CLANG_WARN_EMPTY_BODY = YES;
				CLANG_WARN_ENUM_CONVERSION = YES;
				CLANG_WARN_INFINITE_RECURSION = YES;
				CLANG_WARN_INT_CONVERSION = YES;
				CLANG_WARN_NON_LITERAL_NULL_CONVERSION = YES;
				CLANG_WARN_OBJC_IMPLICIT_RETAIN_SELF = YES;
				CLANG_WARN_OBJC_LITERAL_CONVERSION = YES;
				CLANG_WARN_OBJC_ROOT_CLASS = YES_ERROR;
				CLANG_WARN_QUOTED_INCLUDE_IN_FRAMEWORK_HEADER = YES;
				CLANG_WARN_RANGE_LOOP_ANALYSIS = YES;
				CLANG_WARN_STRICT_PROTOTYPES = YES;
				CLANG_WARN_SUSPICIOUS_MOVE = YES;
				CLANG_WARN_UNGUARDED_AVAILABILITY = YES_AGGRESSIVE;
				CLANG_WARN_UNREACHABLE_CODE = YES;
				CLANG_WARN__DUPLICATE_METHOD_MATCH = YES;
				COPY_PHASE_STRIP = NO;
				DEBUG_INFORMATION_FORMAT = dwarf;
				ENABLE_STRICT_OBJC_MSGSEND = YES;
				ENABLE_TESTABILITY = YES;
				GCC_C_LANGUAGE_STANDARD = gnu11;
				GCC_DYNAMIC_NO_PIC = NO;
				GCC_NO_COMMON_BLOCKS = YES;
				GCC_OPTIMIZATION_LEVEL = 0;
				GCC_PREPROCESSOR_DEFINITIONS = (
					"DEBUG=1",
					"$(inherited)",
				);
				GCC_WARN_64_TO_32_BIT_CONVERSION = YES;
				GCC_WARN_ABOUT_RETURN_TYPE = YES_ERROR;
				GCC_WARN_UNDECLARED_SELECTOR = YES;
				GCC_WARN_UNINITIALIZED_AUTOS = YES_AGGRESSIVE;
				GCC_WARN_UNUSED_FUNCTION = YES;
				GCC_WARN_UNUSED_VARIABLE = YES;
				IPHONEOS_DEPLOYMENT_TARGET = 14.0;
				MTL_ENABLE_DEBUG_INFO = INCLUDE_SOURCE;
				MTL_FAST_MATH = YES;
				ONLY_ACTIVE_ARCH = YES;
				SDKROOT = iphoneos;
				SWIFT_ACTIVE_COMPILATION_CONDITIONS = DEBUG;
				SWIFT_OPTIMIZATION_LEVEL = "-Onone";
			};
			name = Debug;
		};
		B8DFFD23253464EF00D94A56 /* Release */ = {
			isa = XCBuildConfiguration;
			buildSettings = {
				ALWAYS_SEARCH_USER_PATHS = NO;
				CLANG_ANALYZER_NONNULL = YES;
				CLANG_ANALYZER_NUMBER_OBJECT_CONVERSION = YES_AGGRESSIVE;
				CLANG_CXX_LANGUAGE_STANDARD = "gnu++14";
				CLANG_CXX_LIBRARY = "libc++";
				CLANG_ENABLE_MODULES = YES;
				CLANG_ENABLE_OBJC_ARC = YES;
				CLANG_ENABLE_OBJC_WEAK = YES;
				CLANG_WARN_BLOCK_CAPTURE_AUTORELEASING = YES;
				CLANG_WARN_BOOL_CONVERSION = YES;
				CLANG_WARN_COMMA = YES;
				CLANG_WARN_CONSTANT_CONVERSION = YES;
				CLANG_WARN_DEPRECATED_OBJC_IMPLEMENTATIONS = YES;
				CLANG_WARN_DIRECT_OBJC_ISA_USAGE = YES_ERROR;
				CLANG_WARN_DOCUMENTATION_COMMENTS = YES;
				CLANG_WARN_EMPTY_BODY = YES;
				CLANG_WARN_ENUM_CONVERSION = YES;
				CLANG_WARN_INFINITE_RECURSION = YES;
				CLANG_WARN_INT_CONVERSION = YES;
				CLANG_WARN_NON_LITERAL_NULL_CONVERSION = YES;
				CLANG_WARN_OBJC_IMPLICIT_RETAIN_SELF = YES;
				CLANG_WARN_OBJC_LITERAL_CONVERSION = YES;
				CLANG_WARN_OBJC_ROOT_CLASS = YES_ERROR;
				CLANG_WARN_QUOTED_INCLUDE_IN_FRAMEWORK_HEADER = YES;
				CLANG_WARN_RANGE_LOOP_ANALYSIS = YES;
				CLANG_WARN_STRICT_PROTOTYPES = YES;
				CLANG_WARN_SUSPICIOUS_MOVE = YES;
				CLANG_WARN_UNGUARDED_AVAILABILITY = YES_AGGRESSIVE;
				CLANG_WARN_UNREACHABLE_CODE = YES;
				CLANG_WARN__DUPLICATE_METHOD_MATCH = YES;
				COPY_PHASE_STRIP = NO;
				DEBUG_INFORMATION_FORMAT = "dwarf-with-dsym";
				ENABLE_NS_ASSERTIONS = NO;
				ENABLE_STRICT_OBJC_MSGSEND = YES;
				GCC_C_LANGUAGE_STANDARD = gnu11;
				GCC_NO_COMMON_BLOCKS = YES;
				GCC_WARN_64_TO_32_BIT_CONVERSION = YES;
				GCC_WARN_ABOUT_RETURN_TYPE = YES_ERROR;
				GCC_WARN_UNDECLARED_SELECTOR = YES;
				GCC_WARN_UNINITIALIZED_AUTOS = YES_AGGRESSIVE;
				GCC_WARN_UNUSED_FUNCTION = YES;
				GCC_WARN_UNUSED_VARIABLE = YES;
				IPHONEOS_DEPLOYMENT_TARGET = 14.0;
				MTL_ENABLE_DEBUG_INFO = NO;
				MTL_FAST_MATH = YES;
				SDKROOT = iphoneos;
				SWIFT_COMPILATION_MODE = wholemodule;
				SWIFT_OPTIMIZATION_LEVEL = "-O";
				VALIDATE_PRODUCT = YES;
			};
			name = Release;
		};
		B8DFFD25253464EF00D94A56 /* Debug */ = {
			isa = XCBuildConfiguration;
			buildSettings = {
				ASSETCATALOG_COMPILER_APPICON_NAME = AppIcon;
				ASSETCATALOG_COMPILER_GLOBAL_ACCENT_COLOR_NAME = AccentColor;
				CODE_SIGN_STYLE = Automatic;
				DEVELOPMENT_TEAM = 4YXV56BSN6;
				INFOPLIST_FILE = 27thFirstWeekAssignment/Info.plist;
				LD_RUNPATH_SEARCH_PATHS = (
					"$(inherited)",
					"@executable_path/Frameworks",
				);
				PRODUCT_BUNDLE_IDENTIFIER = "seul.-7thFirstWeekAssignment";
				PRODUCT_NAME = "$(TARGET_NAME)";
				SWIFT_VERSION = 5.0;
				TARGETED_DEVICE_FAMILY = "1,2";
			};
			name = Debug;
		};
		B8DFFD26253464EF00D94A56 /* Release */ = {
			isa = XCBuildConfiguration;
			buildSettings = {
				ASSETCATALOG_COMPILER_APPICON_NAME = AppIcon;
				ASSETCATALOG_COMPILER_GLOBAL_ACCENT_COLOR_NAME = AccentColor;
				CODE_SIGN_STYLE = Automatic;
				DEVELOPMENT_TEAM = 4YXV56BSN6;
				INFOPLIST_FILE = 27thFirstWeekAssignment/Info.plist;
				LD_RUNPATH_SEARCH_PATHS = (
					"$(inherited)",
					"@executable_path/Frameworks",
				);
				PRODUCT_BUNDLE_IDENTIFIER = "seul.-7thFirstWeekAssignment";
				PRODUCT_NAME = "$(TARGET_NAME)";
				SWIFT_VERSION = 5.0;
				TARGETED_DEVICE_FAMILY = "1,2";
			};
			name = Release;
		};
		B8DFFD28253464EF00D94A56 /* Debug */ = {
			isa = XCBuildConfiguration;
			buildSettings = {
				ALWAYS_EMBED_SWIFT_STANDARD_LIBRARIES = YES;
				BUNDLE_LOADER = "$(TEST_HOST)";
				CODE_SIGN_STYLE = Automatic;
				DEVELOPMENT_TEAM = 4YXV56BSN6;
				INFOPLIST_FILE = 27thFirstWeekAssignmentTests/Info.plist;
				IPHONEOS_DEPLOYMENT_TARGET = 14.0;
				LD_RUNPATH_SEARCH_PATHS = (
					"$(inherited)",
					"@executable_path/Frameworks",
					"@loader_path/Frameworks",
				);
				PRODUCT_BUNDLE_IDENTIFIER = "seul.-7thFirstWeekAssignmentTests";
				PRODUCT_NAME = "$(TARGET_NAME)";
				SWIFT_VERSION = 5.0;
				TARGETED_DEVICE_FAMILY = "1,2";
				TEST_HOST = "$(BUILT_PRODUCTS_DIR)/27thFirstWeekAssignment.app/27thFirstWeekAssignment";
			};
			name = Debug;
		};
		B8DFFD29253464EF00D94A56 /* Release */ = {
			isa = XCBuildConfiguration;
			buildSettings = {
				ALWAYS_EMBED_SWIFT_STANDARD_LIBRARIES = YES;
				BUNDLE_LOADER = "$(TEST_HOST)";
				CODE_SIGN_STYLE = Automatic;
				DEVELOPMENT_TEAM = 4YXV56BSN6;
				INFOPLIST_FILE = 27thFirstWeekAssignmentTests/Info.plist;
				IPHONEOS_DEPLOYMENT_TARGET = 14.0;
				LD_RUNPATH_SEARCH_PATHS = (
					"$(inherited)",
					"@executable_path/Frameworks",
					"@loader_path/Frameworks",
				);
				PRODUCT_BUNDLE_IDENTIFIER = "seul.-7thFirstWeekAssignmentTests";
				PRODUCT_NAME = "$(TARGET_NAME)";
				SWIFT_VERSION = 5.0;
				TARGETED_DEVICE_FAMILY = "1,2";
				TEST_HOST = "$(BUILT_PRODUCTS_DIR)/27thFirstWeekAssignment.app/27thFirstWeekAssignment";
			};
			name = Release;
		};
		B8DFFD2B253464EF00D94A56 /* Debug */ = {
			isa = XCBuildConfiguration;
			buildSettings = {
				ALWAYS_EMBED_SWIFT_STANDARD_LIBRARIES = YES;
				CODE_SIGN_STYLE = Automatic;
				DEVELOPMENT_TEAM = 4YXV56BSN6;
				INFOPLIST_FILE = 27thFirstWeekAssignmentUITests/Info.plist;
				LD_RUNPATH_SEARCH_PATHS = (
					"$(inherited)",
					"@executable_path/Frameworks",
					"@loader_path/Frameworks",
				);
				PRODUCT_BUNDLE_IDENTIFIER = "seul.-7thFirstWeekAssignmentUITests";
				PRODUCT_NAME = "$(TARGET_NAME)";
				SWIFT_VERSION = 5.0;
				TARGETED_DEVICE_FAMILY = "1,2";
				TEST_TARGET_NAME = 27thFirstWeekAssignment;
			};
			name = Debug;
		};
		B8DFFD2C253464EF00D94A56 /* Release */ = {
			isa = XCBuildConfiguration;
			buildSettings = {
				ALWAYS_EMBED_SWIFT_STANDARD_LIBRARIES = YES;
				CODE_SIGN_STYLE = Automatic;
				DEVELOPMENT_TEAM = 4YXV56BSN6;
				INFOPLIST_FILE = 27thFirstWeekAssignmentUITests/Info.plist;
				LD_RUNPATH_SEARCH_PATHS = (
					"$(inherited)",
					"@executable_path/Frameworks",
					"@loader_path/Frameworks",
				);
				PRODUCT_BUNDLE_IDENTIFIER = "seul.-7thFirstWeekAssignmentUITests";
				PRODUCT_NAME = "$(TARGET_NAME)";
				SWIFT_VERSION = 5.0;
				TARGETED_DEVICE_FAMILY = "1,2";
				TEST_TARGET_NAME = 27thFirstWeekAssignment;
			};
			name = Release;
		};
/* End XCBuildConfiguration section */

/* Begin XCConfigurationList section */
		B8DFFCF5253464E900D94A56 /* Build configuration list for PBXProject "27thFirstWeekAssignment" */ = {
			isa = XCConfigurationList;
			buildConfigurations = (
				B8DFFD22253464EF00D94A56 /* Debug */,
				B8DFFD23253464EF00D94A56 /* Release */,
			);
			defaultConfigurationIsVisible = 0;
			defaultConfigurationName = Release;
		};
		B8DFFD24253464EF00D94A56 /* Build configuration list for PBXNativeTarget "27thFirstWeekAssignment" */ = {
			isa = XCConfigurationList;
			buildConfigurations = (
				B8DFFD25253464EF00D94A56 /* Debug */,
				B8DFFD26253464EF00D94A56 /* Release */,
			);
			defaultConfigurationIsVisible = 0;
			defaultConfigurationName = Release;
		};
		B8DFFD27253464EF00D94A56 /* Build configuration list for PBXNativeTarget "27thFirstWeekAssignmentTests" */ = {
			isa = XCConfigurationList;
			buildConfigurations = (
				B8DFFD28253464EF00D94A56 /* Debug */,
				B8DFFD29253464EF00D94A56 /* Release */,
			);
			defaultConfigurationIsVisible = 0;
			defaultConfigurationName = Release;
		};
		B8DFFD2A253464EF00D94A56 /* Build configuration list for PBXNativeTarget "27thFirstWeekAssignmentUITests" */ = {
			isa = XCConfigurationList;
			buildConfigurations = (
				B8DFFD2B253464EF00D94A56 /* Debug */,
				B8DFFD2C253464EF00D94A56 /* Release */,
			);
			defaultConfigurationIsVisible = 0;
			defaultConfigurationName = Release;
		};
/* End XCConfigurationList section */
	};
	rootObject = B8DFFCF2253464E900D94A56 /* Project object */;
}
