// !$*UTF8*$!
{
	archiveVersion = 1;
	classes = {
	};
	objectVersion = 50;
	objects = {

/* Begin PBXBuildFile section */
		B80BAC27253186FB00BCD711 /* AppDelegate.swift in Sources */ = {isa = PBXBuildFile; fileRef = B80BAC26253186FB00BCD711 /* AppDelegate.swift */; };
		B80BAC29253186FB00BCD711 /* SceneDelegate.swift in Sources */ = {isa = PBXBuildFile; fileRef = B80BAC28253186FB00BCD711 /* SceneDelegate.swift */; };
		B80BAC2B253186FB00BCD711 /* ViewController.swift in Sources */ = {isa = PBXBuildFile; fileRef = B80BAC2A253186FB00BCD711 /* ViewController.swift */; };
		B80BAC2E253186FB00BCD711 /* Main.storyboard in Resources */ = {isa = PBXBuildFile; fileRef = B80BAC2C253186FB00BCD711 /* Main.storyboard */; };
		B80BAC302531870100BCD711 /* Assets.xcassets in Resources */ = {isa = PBXBuildFile; fileRef = B80BAC2F2531870100BCD711 /* Assets.xcassets */; };
		B80BAC332531870100BCD711 /* LaunchScreen.storyboard in Resources */ = {isa = PBXBuildFile; fileRef = B80BAC312531870100BCD711 /* LaunchScreen.storyboard */; };
		B80BAC3E2531870100BCD711 /* _7thFirstWeekSeminarTests.swift in Sources */ = {isa = PBXBuildFile; fileRef = B80BAC3D2531870100BCD711 /* _7thFirstWeekSeminarTests.swift */; };
		B80BAC492531870100BCD711 /* _7thFirstWeekSeminarUITests.swift in Sources */ = {isa = PBXBuildFile; fileRef = B80BAC482531870100BCD711 /* _7thFirstWeekSeminarUITests.swift */; };
		B80BAC5D2531925100BCD711 /* SecondViewController.swift in Sources */ = {isa = PBXBuildFile; fileRef = B80BAC5C2531925100BCD711 /* SecondViewController.swift */; };
		B80BAC6225319DE100BCD711 /* SendViewController.swift in Sources */ = {isa = PBXBuildFile; fileRef = B80BAC6125319DE100BCD711 /* SendViewController.swift */; };
		B80BAC6725319E0500BCD711 /* ReceiveViewController.swift in Sources */ = {isa = PBXBuildFile; fileRef = B80BAC6625319E0500BCD711 /* ReceiveViewController.swift */; };
/* End PBXBuildFile section */

/* Begin PBXContainerItemProxy section */
		B80BAC3A2531870100BCD711 /* PBXContainerItemProxy */ = {
			isa = PBXContainerItemProxy;
			containerPortal = B80BAC1B253186FB00BCD711 /* Project object */;
			proxyType = 1;
			remoteGlobalIDString = B80BAC22253186FB00BCD711;
			remoteInfo = 27thFirstWeekSeminar;
		};
		B80BAC452531870100BCD711 /* PBXContainerItemProxy */ = {
			isa = PBXContainerItemProxy;
			containerPortal = B80BAC1B253186FB00BCD711 /* Project object */;
			proxyType = 1;
			remoteGlobalIDString = B80BAC22253186FB00BCD711;
			remoteInfo = 27thFirstWeekSeminar;
		};
/* End PBXContainerItemProxy section */

/* Begin PBXFileReference section */
		B80BAC23253186FB00BCD711 /* 27thFirstWeekSeminar.app */ = {isa = PBXFileReference; explicitFileType = wrapper.application; includeInIndex = 0; path = 27thFirstWeekSeminar.app; sourceTree = BUILT_PRODUCTS_DIR; };
		B80BAC26253186FB00BCD711 /* AppDelegate.swift */ = {isa = PBXFileReference; lastKnownFileType = sourcecode.swift; path = AppDelegate.swift; sourceTree = "<group>"; };
		B80BAC28253186FB00BCD711 /* SceneDelegate.swift */ = {isa = PBXFileReference; lastKnownFileType = sourcecode.swift; path = SceneDelegate.swift; sourceTree = "<group>"; };
		B80BAC2A253186FB00BCD711 /* ViewController.swift */ = {isa = PBXFileReference; lastKnownFileType = sourcecode.swift; path = ViewController.swift; sourceTree = "<group>"; };
		B80BAC2D253186FB00BCD711 /* Base */ = {isa = PBXFileReference; lastKnownFileType = file.storyboard; name = Base; path = Base.lproj/Main.storyboard; sourceTree = "<group>"; };
		B80BAC2F2531870100BCD711 /* Assets.xcassets */ = {isa = PBXFileReference; lastKnownFileType = folder.assetcatalog; path = Assets.xcassets; sourceTree = "<group>"; };
		B80BAC322531870100BCD711 /* Base */ = {isa = PBXFileReference; lastKnownFileType = file.storyboard; name = Base; path = Base.lproj/LaunchScreen.storyboard; sourceTree = "<group>"; };
		B80BAC342531870100BCD711 /* Info.plist */ = {isa = PBXFileReference; lastKnownFileType = text.plist.xml; path = Info.plist; sourceTree = "<group>"; };
		B80BAC392531870100BCD711 /* 27thFirstWeekSeminarTests.xctest */ = {isa = PBXFileReference; explicitFileType = wrapper.cfbundle; includeInIndex = 0; path = 27thFirstWeekSeminarTests.xctest; sourceTree = BUILT_PRODUCTS_DIR; };
		B80BAC3D2531870100BCD711 /* _7thFirstWeekSeminarTests.swift */ = {isa = PBXFileReference; lastKnownFileType = sourcecode.swift; path = _7thFirstWeekSeminarTests.swift; sourceTree = "<group>"; };
		B80BAC3F2531870100BCD711 /* Info.plist */ = {isa = PBXFileReference; lastKnownFileType = text.plist.xml; path = Info.plist; sourceTree = "<group>"; };
		B80BAC442531870100BCD711 /* 27thFirstWeekSeminarUITests.xctest */ = {isa = PBXFileReference; explicitFileType = wrapper.cfbundle; includeInIndex = 0; path = 27thFirstWeekSeminarUITests.xctest; sourceTree = BUILT_PRODUCTS_DIR; };
		B80BAC482531870100BCD711 /* _7thFirstWeekSeminarUITests.swift */ = {isa = PBXFileReference; lastKnownFileType = sourcecode.swift; path = _7thFirstWeekSeminarUITests.swift; sourceTree = "<group>"; };
		B80BAC4A2531870100BCD711 /* Info.plist */ = {isa = PBXFileReference; lastKnownFileType = text.plist.xml; path = Info.plist; sourceTree = "<group>"; };
		B80BAC5C2531925100BCD711 /* SecondViewController.swift */ = {isa = PBXFileReference; lastKnownFileType = sourcecode.swift; path = SecondViewController.swift; sourceTree = "<group>"; };
		B80BAC6125319DE100BCD711 /* SendViewController.swift */ = {isa = PBXFileReference; lastKnownFileType = sourcecode.swift; path = SendViewController.swift; sourceTree = "<group>"; };
		B80BAC6625319E0500BCD711 /* ReceiveViewController.swift */ = {isa = PBXFileReference; lastKnownFileType = sourcecode.swift; path = ReceiveViewController.swift; sourceTree = "<group>"; };
/* End PBXFileReference section */

/* Begin PBXFrameworksBuildPhase section */
		B80BAC20253186FB00BCD711 /* Frameworks */ = {
			isa = PBXFrameworksBuildPhase;
			buildActionMask = 2147483647;
			files = (
			);
			runOnlyForDeploymentPostprocessing = 0;
		};
		B80BAC362531870100BCD711 /* Frameworks */ = {
			isa = PBXFrameworksBuildPhase;
			buildActionMask = 2147483647;
			files = (
			);
			runOnlyForDeploymentPostprocessing = 0;
		};
		B80BAC412531870100BCD711 /* Frameworks */ = {
			isa = PBXFrameworksBuildPhase;
			buildActionMask = 2147483647;
			files = (
			);
			runOnlyForDeploymentPostprocessing = 0;
		};
/* End PBXFrameworksBuildPhase section */

/* Begin PBXGroup section */
		B80BAC1A253186FB00BCD711 = {
			isa = PBXGroup;
			children = (
				B80BAC25253186FB00BCD711 /* 27thFirstWeekSeminar */,
				B80BAC3C2531870100BCD711 /* 27thFirstWeekSeminarTests */,
				B80BAC472531870100BCD711 /* 27thFirstWeekSeminarUITests */,
				B80BAC24253186FB00BCD711 /* Products */,
			);
			sourceTree = "<group>";
		};
		B80BAC24253186FB00BCD711 /* Products */ = {
			isa = PBXGroup;
			children = (
				B80BAC23253186FB00BCD711 /* 27thFirstWeekSeminar.app */,
				B80BAC392531870100BCD711 /* 27thFirstWeekSeminarTests.xctest */,
				B80BAC442531870100BCD711 /* 27thFirstWeekSeminarUITests.xctest */,
			);
			name = Products;
			sourceTree = "<group>";
		};
		B80BAC25253186FB00BCD711 /* 27thFirstWeekSeminar */ = {
			isa = PBXGroup;
			children = (
				B80BAC26253186FB00BCD711 /* AppDelegate.swift */,
				B80BAC28253186FB00BCD711 /* SceneDelegate.swift */,
				B80BAC2A253186FB00BCD711 /* ViewController.swift */,
				B80BAC2C253186FB00BCD711 /* Main.storyboard */,
				B80BAC2F2531870100BCD711 /* Assets.xcassets */,
				B80BAC312531870100BCD711 /* LaunchScreen.storyboard */,
				B80BAC342531870100BCD711 /* Info.plist */,
				B80BAC5C2531925100BCD711 /* SecondViewController.swift */,
				B80BAC6125319DE100BCD711 /* SendViewController.swift */,
				B80BAC6625319E0500BCD711 /* ReceiveViewController.swift */,
			);
			path = 27thFirstWeekSeminar;
			sourceTree = "<group>";
		};
		B80BAC3C2531870100BCD711 /* 27thFirstWeekSeminarTests */ = {
			isa = PBXGroup;
			children = (
				B80BAC3D2531870100BCD711 /* _7thFirstWeekSeminarTests.swift */,
				B80BAC3F2531870100BCD711 /* Info.plist */,
			);
			path = 27thFirstWeekSeminarTests;
			sourceTree = "<group>";
		};
		B80BAC472531870100BCD711 /* 27thFirstWeekSeminarUITests */ = {
			isa = PBXGroup;
			children = (
				B80BAC482531870100BCD711 /* _7thFirstWeekSeminarUITests.swift */,
				B80BAC4A2531870100BCD711 /* Info.plist */,
			);
			path = 27thFirstWeekSeminarUITests;
			sourceTree = "<group>";
		};
/* End PBXGroup section */

/* Begin PBXNativeTarget section */
		B80BAC22253186FB00BCD711 /* 27thFirstWeekSeminar */ = {
			isa = PBXNativeTarget;
			buildConfigurationList = B80BAC4D2531870100BCD711 /* Build configuration list for PBXNativeTarget "27thFirstWeekSeminar" */;
			buildPhases = (
				B80BAC1F253186FB00BCD711 /* Sources */,
				B80BAC20253186FB00BCD711 /* Frameworks */,
				B80BAC21253186FB00BCD711 /* Resources */,
			);
			buildRules = (
			);
			dependencies = (
			);
			name = 27thFirstWeekSeminar;
			productName = 27thFirstWeekSeminar;
			productReference = B80BAC23253186FB00BCD711 /* 27thFirstWeekSeminar.app */;
			productType = "com.apple.product-type.application";
		};
		B80BAC382531870100BCD711 /* 27thFirstWeekSeminarTests */ = {
			isa = PBXNativeTarget;
			buildConfigurationList = B80BAC502531870100BCD711 /* Build configuration list for PBXNativeTarget "27thFirstWeekSeminarTests" */;
			buildPhases = (
				B80BAC352531870100BCD711 /* Sources */,
				B80BAC362531870100BCD711 /* Frameworks */,
				B80BAC372531870100BCD711 /* Resources */,
			);
			buildRules = (
			);
			dependencies = (
				B80BAC3B2531870100BCD711 /* PBXTargetDependency */,
			);
			name = 27thFirstWeekSeminarTests;
			productName = 27thFirstWeekSeminarTests;
			productReference = B80BAC392531870100BCD711 /* 27thFirstWeekSeminarTests.xctest */;
			productType = "com.apple.product-type.bundle.unit-test";
		};
		B80BAC432531870100BCD711 /* 27thFirstWeekSeminarUITests */ = {
			isa = PBXNativeTarget;
			buildConfigurationList = B80BAC532531870100BCD711 /* Build configuration list for PBXNativeTarget "27thFirstWeekSeminarUITests" */;
			buildPhases = (
				B80BAC402531870100BCD711 /* Sources */,
				B80BAC412531870100BCD711 /* Frameworks */,
				B80BAC422531870100BCD711 /* Resources */,
			);
			buildRules = (
			);
			dependencies = (
				B80BAC462531870100BCD711 /* PBXTargetDependency */,
			);
			name = 27thFirstWeekSeminarUITests;
			productName = 27thFirstWeekSeminarUITests;
			productReference = B80BAC442531870100BCD711 /* 27thFirstWeekSeminarUITests.xctest */;
			productType = "com.apple.product-type.bundle.ui-testing";
		};
/* End PBXNativeTarget section */

/* Begin PBXProject section */
		B80BAC1B253186FB00BCD711 /* Project object */ = {
			isa = PBXProject;
			attributes = {
				LastSwiftUpdateCheck = 1200;
				LastUpgradeCheck = 1200;
				TargetAttributes = {
					B80BAC22253186FB00BCD711 = {
						CreatedOnToolsVersion = 12.0;
					};
					B80BAC382531870100BCD711 = {
						CreatedOnToolsVersion = 12.0;
						TestTargetID = B80BAC22253186FB00BCD711;
					};
					B80BAC432531870100BCD711 = {
						CreatedOnToolsVersion = 12.0;
						TestTargetID = B80BAC22253186FB00BCD711;
					};
				};
			};
			buildConfigurationList = B80BAC1E253186FB00BCD711 /* Build configuration list for PBXProject "27thFirstWeekSeminar" */;
			compatibilityVersion = "Xcode 9.3";
			developmentRegion = en;
			hasScannedForEncodings = 0;
			knownRegions = (
				en,
				Base,
			);
			mainGroup = B80BAC1A253186FB00BCD711;
			productRefGroup = B80BAC24253186FB00BCD711 /* Products */;
			projectDirPath = "";
			projectRoot = "";
			targets = (
				B80BAC22253186FB00BCD711 /* 27thFirstWeekSeminar */,
				B80BAC382531870100BCD711 /* 27thFirstWeekSeminarTests */,
				B80BAC432531870100BCD711 /* 27thFirstWeekSeminarUITests */,
			);
		};
/* End PBXProject section */

/* Begin PBXResourcesBuildPhase section */
		B80BAC21253186FB00BCD711 /* Resources */ = {
			isa = PBXResourcesBuildPhase;
			buildActionMask = 2147483647;
			files = (
				B80BAC332531870100BCD711 /* LaunchScreen.storyboard in Resources */,
				B80BAC302531870100BCD711 /* Assets.xcassets in Resources */,
				B80BAC2E253186FB00BCD711 /* Main.storyboard in Resources */,
			);
			runOnlyForDeploymentPostprocessing = 0;
		};
		B80BAC372531870100BCD711 /* Resources */ = {
			isa = PBXResourcesBuildPhase;
			buildActionMask = 2147483647;
			files = (
			);
			runOnlyForDeploymentPostprocessing = 0;
		};
		B80BAC422531870100BCD711 /* Resources */ = {
			isa = PBXResourcesBuildPhase;
			buildActionMask = 2147483647;
			files = (
			);
			runOnlyForDeploymentPostprocessing = 0;
		};
/* End PBXResourcesBuildPhase section */

/* Begin PBXSourcesBuildPhase section */
		B80BAC1F253186FB00BCD711 /* Sources */ = {
			isa = PBXSourcesBuildPhase;
			buildActionMask = 2147483647;
			files = (
				B80BAC5D2531925100BCD711 /* SecondViewController.swift in Sources */,
				B80BAC2B253186FB00BCD711 /* ViewController.swift in Sources */,
				B80BAC27253186FB00BCD711 /* AppDelegate.swift in Sources */,
				B80BAC6225319DE100BCD711 /* SendViewController.swift in Sources */,
				B80BAC6725319E0500BCD711 /* ReceiveViewController.swift in Sources */,
				B80BAC29253186FB00BCD711 /* SceneDelegate.swift in Sources */,
			);
			runOnlyForDeploymentPostprocessing = 0;
		};
		B80BAC352531870100BCD711 /* Sources */ = {
			isa = PBXSourcesBuildPhase;
			buildActionMask = 2147483647;
			files = (
				B80BAC3E2531870100BCD711 /* _7thFirstWeekSeminarTests.swift in Sources */,
			);
			runOnlyForDeploymentPostprocessing = 0;
		};
		B80BAC402531870100BCD711 /* Sources */ = {
			isa = PBXSourcesBuildPhase;
			buildActionMask = 2147483647;
			files = (
				B80BAC492531870100BCD711 /* _7thFirstWeekSeminarUITests.swift in Sources */,
			);
			runOnlyForDeploymentPostprocessing = 0;
		};
/* End PBXSourcesBuildPhase section */

/* Begin PBXTargetDependency section */
		B80BAC3B2531870100BCD711 /* PBXTargetDependency */ = {
			isa = PBXTargetDependency;
			target = B80BAC22253186FB00BCD711 /* 27thFirstWeekSeminar */;
			targetProxy = B80BAC3A2531870100BCD711 /* PBXContainerItemProxy */;
		};
		B80BAC462531870100BCD711 /* PBXTargetDependency */ = {
			isa = PBXTargetDependency;
			target = B80BAC22253186FB00BCD711 /* 27thFirstWeekSeminar */;
			targetProxy = B80BAC452531870100BCD711 /* PBXContainerItemProxy */;
		};
/* End PBXTargetDependency section */

/* Begin PBXVariantGroup section */
		B80BAC2C253186FB00BCD711 /* Main.storyboard */ = {
			isa = PBXVariantGroup;
			children = (
				B80BAC2D253186FB00BCD711 /* Base */,
			);
			name = Main.storyboard;
			sourceTree = "<group>";
		};
		B80BAC312531870100BCD711 /* LaunchScreen.storyboard */ = {
			isa = PBXVariantGroup;
			children = (
				B80BAC322531870100BCD711 /* Base */,
			);
			name = LaunchScreen.storyboard;
			sourceTree = "<group>";
		};
/* End PBXVariantGroup section */

/* Begin XCBuildConfiguration section */
		B80BAC4B2531870100BCD711 /* Debug */ = {
			isa = XCBuildConfiguration;
			buildSettings = {
				ALWAYS_SEARCH_USER_PATHS = NO;
				CLANG_ANALYZER_NONNULL = YES;
				CLANG_ANALYZER_NUMBER_OBJECT_CONVERSION = YES_AGGRESSIVE;
				CLANG_CXX_LANGUAGE_STANDARD = "gnu++14";
				CLANG_CXX_LIBRARY = "libc++";
				CLANG_ENABLE_MODULES = YES;
				CLANG_ENABLE_OBJC_ARC = YES;
				CLANG_ENABLE_OBJC_WEAK = YES;
				CLANG_WARN_BLOCK_CAPTURE_AUTORELEASING = YES;
				CLANG_WARN_BOOL_CONVERSION = YES;
				CLANG_WARN_COMMA = YES;
				CLANG_WARN_CONSTANT_CONVERSION = YES;
				CLANG_WARN_DEPRECATED_OBJC_IMPLEMENTATIONS = YES;
				CLANG_WARN_DIRECT_OBJC_ISA_USAGE = YES_ERROR;
				CLANG_WARN_DOCUMENTATION_COMMENTS = YES;
				CLANG_WARN_EMPTY_BODY = YES;
				CLANG_WARN_ENUM_CONVERSION = YES;
				CLANG_WARN_INFINITE_RECURSION = YES;
				CLANG_WARN_INT_CONVERSION = YES;
				CLANG_WARN_NON_LITERAL_NULL_CONVERSION = YES;
				CLANG_WARN_OBJC_IMPLICIT_RETAIN_SELF = YES;
				CLANG_WARN_OBJC_LITERAL_CONVERSION = YES;
				CLANG_WARN_OBJC_ROOT_CLASS = YES_ERROR;
				CLANG_WARN_QUOTED_INCLUDE_IN_FRAMEWORK_HEADER = YES;
				CLANG_WARN_RANGE_LOOP_ANALYSIS = YES;
				CLANG_WARN_STRICT_PROTOTYPES = YES;
				CLANG_WARN_SUSPICIOUS_MOVE = YES;
				CLANG_WARN_UNGUARDED_AVAILABILITY = YES_AGGRESSIVE;
				CLANG_WARN_UNREACHABLE_CODE = YES;
				CLANG_WARN__DUPLICATE_METHOD_MATCH = YES;
				COPY_PHASE_STRIP = NO;
				DEBUG_INFORMATION_FORMAT = dwarf;
				ENABLE_STRICT_OBJC_MSGSEND = YES;
				ENABLE_TESTABILITY = YES;
				GCC_C_LANGUAGE_STANDARD = gnu11;
				GCC_DYNAMIC_NO_PIC = NO;
				GCC_NO_COMMON_BLOCKS = YES;
				GCC_OPTIMIZATION_LEVEL = 0;
				GCC_PREPROCESSOR_DEFINITIONS = (
					"DEBUG=1",
					"$(inherited)",
				);
				GCC_WARN_64_TO_32_BIT_CONVERSION = YES;
				GCC_WARN_ABOUT_RETURN_TYPE = YES_ERROR;
				GCC_WARN_UNDECLARED_SELECTOR = YES;
				GCC_WARN_UNINITIALIZED_AUTOS = YES_AGGRESSIVE;
				GCC_WARN_UNUSED_FUNCTION = YES;
				GCC_WARN_UNUSED_VARIABLE = YES;
				IPHONEOS_DEPLOYMENT_TARGET = 14.0;
				MTL_ENABLE_DEBUG_INFO = INCLUDE_SOURCE;
				MTL_FAST_MATH = YES;
				ONLY_ACTIVE_ARCH = YES;
				SDKROOT = iphoneos;
				SWIFT_ACTIVE_COMPILATION_CONDITIONS = DEBUG;
				SWIFT_OPTIMIZATION_LEVEL = "-Onone";
			};
			name = Debug;
		};
		B80BAC4C2531870100BCD711 /* Release */ = {
			isa = XCBuildConfiguration;
			buildSettings = {
				ALWAYS_SEARCH_USER_PATHS = NO;
				CLANG_ANALYZER_NONNULL = YES;
				CLANG_ANALYZER_NUMBER_OBJECT_CONVERSION = YES_AGGRESSIVE;
				CLANG_CXX_LANGUAGE_STANDARD = "gnu++14";
				CLANG_CXX_LIBRARY = "libc++";
				CLANG_ENABLE_MODULES = YES;
				CLANG_ENABLE_OBJC_ARC = YES;
				CLANG_ENABLE_OBJC_WEAK = YES;
				CLANG_WARN_BLOCK_CAPTURE_AUTORELEASING = YES;
				CLANG_WARN_BOOL_CONVERSION = YES;
				CLANG_WARN_COMMA = YES;
				CLANG_WARN_CONSTANT_CONVERSION = YES;
				CLANG_WARN_DEPRECATED_OBJC_IMPLEMENTATIONS = YES;
				CLANG_WARN_DIRECT_OBJC_ISA_USAGE = YES_ERROR;
				CLANG_WARN_DOCUMENTATION_COMMENTS = YES;
				CLANG_WARN_EMPTY_BODY = YES;
				CLANG_WARN_ENUM_CONVERSION = YES;
				CLANG_WARN_INFINITE_RECURSION = YES;
				CLANG_WARN_INT_CONVERSION = YES;
				CLANG_WARN_NON_LITERAL_NULL_CONVERSION = YES;
				CLANG_WARN_OBJC_IMPLICIT_RETAIN_SELF = YES;
				CLANG_WARN_OBJC_LITERAL_CONVERSION = YES;
				CLANG_WARN_OBJC_ROOT_CLASS = YES_ERROR;
				CLANG_WARN_QUOTED_INCLUDE_IN_FRAMEWORK_HEADER = YES;
				CLANG_WARN_RANGE_LOOP_ANALYSIS = YES;
				CLANG_WARN_STRICT_PROTOTYPES = YES;
				CLANG_WARN_SUSPICIOUS_MOVE = YES;
				CLANG_WARN_UNGUARDED_AVAILABILITY = YES_AGGRESSIVE;
				CLANG_WARN_UNREACHABLE_CODE = YES;
				CLANG_WARN__DUPLICATE_METHOD_MATCH = YES;
				COPY_PHASE_STRIP = NO;
				DEBUG_INFORMATION_FORMAT = "dwarf-with-dsym";
				ENABLE_NS_ASSERTIONS = NO;
				ENABLE_STRICT_OBJC_MSGSEND = YES;
				GCC_C_LANGUAGE_STANDARD = gnu11;
				GCC_NO_COMMON_BLOCKS = YES;
				GCC_WARN_64_TO_32_BIT_CONVERSION = YES;
				GCC_WARN_ABOUT_RETURN_TYPE = YES_ERROR;
				GCC_WARN_UNDECLARED_SELECTOR = YES;
				GCC_WARN_UNINITIALIZED_AUTOS = YES_AGGRESSIVE;
				GCC_WARN_UNUSED_FUNCTION = YES;
				GCC_WARN_UNUSED_VARIABLE = YES;
				IPHONEOS_DEPLOYMENT_TARGET = 14.0;
				MTL_ENABLE_DEBUG_INFO = NO;
				MTL_FAST_MATH = YES;
				SDKROOT = iphoneos;
				SWIFT_COMPILATION_MODE = wholemodule;
				SWIFT_OPTIMIZATION_LEVEL = "-O";
				VALIDATE_PRODUCT = YES;
			};
			name = Release;
		};
		B80BAC4E2531870100BCD711 /* Debug */ = {
			isa = XCBuildConfiguration;
			buildSettings = {
				ASSETCATALOG_COMPILER_APPICON_NAME = AppIcon;
				ASSETCATALOG_COMPILER_GLOBAL_ACCENT_COLOR_NAME = AccentColor;
				CODE_SIGN_STYLE = Automatic;
				DEVELOPMENT_TEAM = 4YXV56BSN6;
				INFOPLIST_FILE = 27thFirstWeekSeminar/Info.plist;
				LD_RUNPATH_SEARCH_PATHS = (
					"$(inherited)",
					"@executable_path/Frameworks",
				);
				PRODUCT_BUNDLE_IDENTIFIER = "seul.-7thFirstWeekSeminar";
				PRODUCT_NAME = "$(TARGET_NAME)";
				SWIFT_VERSION = 5.0;
				TARGETED_DEVICE_FAMILY = "1,2";
			};
			name = Debug;
		};
		B80BAC4F2531870100BCD711 /* Release */ = {
			isa = XCBuildConfiguration;
			buildSettings = {
				ASSETCATALOG_COMPILER_APPICON_NAME = AppIcon;
				ASSETCATALOG_COMPILER_GLOBAL_ACCENT_COLOR_NAME = AccentColor;
				CODE_SIGN_STYLE = Automatic;
				DEVELOPMENT_TEAM = 4YXV56BSN6;
				INFOPLIST_FILE = 27thFirstWeekSeminar/Info.plist;
				LD_RUNPATH_SEARCH_PATHS = (
					"$(inherited)",
					"@executable_path/Frameworks",
				);
				PRODUCT_BUNDLE_IDENTIFIER = "seul.-7thFirstWeekSeminar";
				PRODUCT_NAME = "$(TARGET_NAME)";
				SWIFT_VERSION = 5.0;
				TARGETED_DEVICE_FAMILY = "1,2";
			};
			name = Release;
		};
		B80BAC512531870100BCD711 /* Debug */ = {
			isa = XCBuildConfiguration;
			buildSettings = {
				ALWAYS_EMBED_SWIFT_STANDARD_LIBRARIES = YES;
				BUNDLE_LOADER = "$(TEST_HOST)";
				CODE_SIGN_STYLE = Automatic;
				DEVELOPMENT_TEAM = 4YXV56BSN6;
				INFOPLIST_FILE = 27thFirstWeekSeminarTests/Info.plist;
				IPHONEOS_DEPLOYMENT_TARGET = 14.0;
				LD_RUNPATH_SEARCH_PATHS = (
					"$(inherited)",
					"@executable_path/Frameworks",
					"@loader_path/Frameworks",
				);
				PRODUCT_BUNDLE_IDENTIFIER = "seul.-7thFirstWeekSeminarTests";
				PRODUCT_NAME = "$(TARGET_NAME)";
				SWIFT_VERSION = 5.0;
				TARGETED_DEVICE_FAMILY = "1,2";
				TEST_HOST = "$(BUILT_PRODUCTS_DIR)/27thFirstWeekSeminar.app/27thFirstWeekSeminar";
			};
			name = Debug;
		};
		B80BAC522531870100BCD711 /* Release */ = {
			isa = XCBuildConfiguration;
			buildSettings = {
				ALWAYS_EMBED_SWIFT_STANDARD_LIBRARIES = YES;
				BUNDLE_LOADER = "$(TEST_HOST)";
				CODE_SIGN_STYLE = Automatic;
				DEVELOPMENT_TEAM = 4YXV56BSN6;
				INFOPLIST_FILE = 27thFirstWeekSeminarTests/Info.plist;
				IPHONEOS_DEPLOYMENT_TARGET = 14.0;
				LD_RUNPATH_SEARCH_PATHS = (
					"$(inherited)",
					"@executable_path/Frameworks",
					"@loader_path/Frameworks",
				);
				PRODUCT_BUNDLE_IDENTIFIER = "seul.-7thFirstWeekSeminarTests";
				PRODUCT_NAME = "$(TARGET_NAME)";
				SWIFT_VERSION = 5.0;
				TARGETED_DEVICE_FAMILY = "1,2";
				TEST_HOST = "$(BUILT_PRODUCTS_DIR)/27thFirstWeekSeminar.app/27thFirstWeekSeminar";
			};
			name = Release;
		};
		B80BAC542531870100BCD711 /* Debug */ = {
			isa = XCBuildConfiguration;
			buildSettings = {
				ALWAYS_EMBED_SWIFT_STANDARD_LIBRARIES = YES;
				CODE_SIGN_STYLE = Automatic;
				DEVELOPMENT_TEAM = 4YXV56BSN6;
				INFOPLIST_FILE = 27thFirstWeekSeminarUITests/Info.plist;
				LD_RUNPATH_SEARCH_PATHS = (
					"$(inherited)",
					"@executable_path/Frameworks",
					"@loader_path/Frameworks",
				);
				PRODUCT_BUNDLE_IDENTIFIER = "seul.-7thFirstWeekSeminarUITests";
				PRODUCT_NAME = "$(TARGET_NAME)";
				SWIFT_VERSION = 5.0;
				TARGETED_DEVICE_FAMILY = "1,2";
				TEST_TARGET_NAME = 27thFirstWeekSeminar;
			};
			name = Debug;
		};
		B80BAC552531870100BCD711 /* Release */ = {
			isa = XCBuildConfiguration;
			buildSettings = {
				ALWAYS_EMBED_SWIFT_STANDARD_LIBRARIES = YES;
				CODE_SIGN_STYLE = Automatic;
				DEVELOPMENT_TEAM = 4YXV56BSN6;
				INFOPLIST_FILE = 27thFirstWeekSeminarUITests/Info.plist;
				LD_RUNPATH_SEARCH_PATHS = (
					"$(inherited)",
					"@executable_path/Frameworks",
					"@loader_path/Frameworks",
				);
				PRODUCT_BUNDLE_IDENTIFIER = "seul.-7thFirstWeekSeminarUITests";
				PRODUCT_NAME = "$(TARGET_NAME)";
				SWIFT_VERSION = 5.0;
				TARGETED_DEVICE_FAMILY = "1,2";
				TEST_TARGET_NAME = 27thFirstWeekSeminar;
			};
			name = Release;
		};
/* End XCBuildConfiguration section */

/* Begin XCConfigurationList section */
		B80BAC1E253186FB00BCD711 /* Build configuration list for PBXProject "27thFirstWeekSeminar" */ = {
			isa = XCConfigurationList;
			buildConfigurations = (
				B80BAC4B2531870100BCD711 /* Debug */,
				B80BAC4C2531870100BCD711 /* Release */,
			);
			defaultConfigurationIsVisible = 0;
			defaultConfigurationName = Release;
		};
		B80BAC4D2531870100BCD711 /* Build configuration list for PBXNativeTarget "27thFirstWeekSeminar" */ = {
			isa = XCConfigurationList;
			buildConfigurations = (
				B80BAC4E2531870100BCD711 /* Debug */,
				B80BAC4F2531870100BCD711 /* Release */,
			);
			defaultConfigurationIsVisible = 0;
			defaultConfigurationName = Release;
		};
		B80BAC502531870100BCD711 /* Build configuration list for PBXNativeTarget "27thFirstWeekSeminarTests" */ = {
			isa = XCConfigurationList;
			buildConfigurations = (
				B80BAC512531870100BCD711 /* Debug */,
				B80BAC522531870100BCD711 /* Release */,
			);
			defaultConfigurationIsVisible = 0;
			defaultConfigurationName = Release;
		};
		B80BAC532531870100BCD711 /* Build configuration list for PBXNativeTarget "27thFirstWeekSeminarUITests" */ = {
			isa = XCConfigurationList;
			buildConfigurations = (
				B80BAC542531870100BCD711 /* Debug */,
				B80BAC552531870100BCD711 /* Release */,
			);
			defaultConfigurationIsVisible = 0;
			defaultConfigurationName = Release;
		};
/* End XCConfigurationList section */
	};
	rootObject = B80BAC1B253186FB00BCD711 /* Project object */;
}
