// !$*UTF8*$!
{
	archiveVersion = 1;
	classes = {
	};
	objectVersion = 50;
	objects = {

/* Begin PBXBuildFile section */
		B85400E0255643E8004700B4 /* AppDelegate.swift in Sources */ = {isa = PBXBuildFile; fileRef = B85400DF255643E8004700B4 /* AppDelegate.swift */; };
		B85400E2255643E8004700B4 /* SceneDelegate.swift in Sources */ = {isa = PBXBuildFile; fileRef = B85400E1255643E8004700B4 /* SceneDelegate.swift */; };
		B85400E4255643E8004700B4 /* ViewController.swift in Sources */ = {isa = PBXBuildFile; fileRef = B85400E3255643E8004700B4 /* ViewController.swift */; };
		B85400E7255643E8004700B4 /* Main.storyboard in Resources */ = {isa = PBXBuildFile; fileRef = B85400E5255643E8004700B4 /* Main.storyboard */; };
		B85400E9255643EE004700B4 /* Assets.xcassets in Resources */ = {isa = PBXBuildFile; fileRef = B85400E8255643EE004700B4 /* Assets.xcassets */; };
		B85400EC255643EE004700B4 /* LaunchScreen.storyboard in Resources */ = {isa = PBXBuildFile; fileRef = B85400EA255643EE004700B4 /* LaunchScreen.storyboard */; };
		B85400F525564959004700B4 /* CustomTabBarcontroller.swift in Sources */ = {isa = PBXBuildFile; fileRef = B85400F425564958004700B4 /* CustomTabBarcontroller.swift */; };
		B85400F82556496B004700B4 /* OrangeVC.swift in Sources */ = {isa = PBXBuildFile; fileRef = B85400F72556496B004700B4 /* OrangeVC.swift */; };
		B85400FB25564976004700B4 /* SkyblueVC.swift in Sources */ = {isa = PBXBuildFile; fileRef = B85400FA25564976004700B4 /* SkyblueVC.swift */; };
		B85400FE25565097004700B4 /* AnimationTest.storyboard in Resources */ = {isa = PBXBuildFile; fileRef = B85400FD25565097004700B4 /* AnimationTest.storyboard */; };
		B854010125565126004700B4 /* AnimationTestVC.swift in Sources */ = {isa = PBXBuildFile; fileRef = B854010025565126004700B4 /* AnimationTestVC.swift */; };
/* End PBXBuildFile section */

/* Begin PBXFileReference section */
		B85400DC255643E8004700B4 /* Week4Seminar.app */ = {isa = PBXFileReference; explicitFileType = wrapper.application; includeInIndex = 0; path = Week4Seminar.app; sourceTree = BUILT_PRODUCTS_DIR; };
		B85400DF255643E8004700B4 /* AppDelegate.swift */ = {isa = PBXFileReference; lastKnownFileType = sourcecode.swift; path = AppDelegate.swift; sourceTree = "<group>"; };
		B85400E1255643E8004700B4 /* SceneDelegate.swift */ = {isa = PBXFileReference; lastKnownFileType = sourcecode.swift; path = SceneDelegate.swift; sourceTree = "<group>"; };
		B85400E3255643E8004700B4 /* ViewController.swift */ = {isa = PBXFileReference; lastKnownFileType = sourcecode.swift; path = ViewController.swift; sourceTree = "<group>"; };
		B85400E6255643E8004700B4 /* Base */ = {isa = PBXFileReference; lastKnownFileType = file.storyboard; name = Base; path = Base.lproj/Main.storyboard; sourceTree = "<group>"; };
		B85400E8255643EE004700B4 /* Assets.xcassets */ = {isa = PBXFileReference; lastKnownFileType = folder.assetcatalog; path = Assets.xcassets; sourceTree = "<group>"; };
		B85400EB255643EE004700B4 /* Base */ = {isa = PBXFileReference; lastKnownFileType = file.storyboard; name = Base; path = Base.lproj/LaunchScreen.storyboard; sourceTree = "<group>"; };
		B85400ED255643EE004700B4 /* Info.plist */ = {isa = PBXFileReference; lastKnownFileType = text.plist.xml; path = Info.plist; sourceTree = "<group>"; };
		B85400F425564958004700B4 /* CustomTabBarcontroller.swift */ = {isa = PBXFileReference; lastKnownFileType = sourcecode.swift; path = CustomTabBarcontroller.swift; sourceTree = "<group>"; };
		B85400F72556496B004700B4 /* OrangeVC.swift */ = {isa = PBXFileReference; lastKnownFileType = sourcecode.swift; path = OrangeVC.swift; sourceTree = "<group>"; };
		B85400FA25564976004700B4 /* SkyblueVC.swift */ = {isa = PBXFileReference; lastKnownFileType = sourcecode.swift; path = SkyblueVC.swift; sourceTree = "<group>"; };
		B85400FD25565097004700B4 /* AnimationTest.storyboard */ = {isa = PBXFileReference; lastKnownFileType = file.storyboard; path = AnimationTest.storyboard; sourceTree = "<group>"; };
		B854010025565126004700B4 /* AnimationTestVC.swift */ = {isa = PBXFileReference; lastKnownFileType = sourcecode.swift; path = AnimationTestVC.swift; sourceTree = "<group>"; };
/* End PBXFileReference section */

/* Begin PBXFrameworksBuildPhase section */
		B85400D9255643E8004700B4 /* Frameworks */ = {
			isa = PBXFrameworksBuildPhase;
			buildActionMask = 2147483647;
			files = (
			);
			runOnlyForDeploymentPostprocessing = 0;
		};
/* End PBXFrameworksBuildPhase section */

/* Begin PBXGroup section */
		B85400D3255643E8004700B4 = {
			isa = PBXGroup;
			children = (
				B85400DE255643E8004700B4 /* Week4Seminar */,
				B85400DD255643E8004700B4 /* Products */,
			);
			sourceTree = "<group>";
		};
		B85400DD255643E8004700B4 /* Products */ = {
			isa = PBXGroup;
			children = (
				B85400DC255643E8004700B4 /* Week4Seminar.app */,
			);
			name = Products;
			sourceTree = "<group>";
		};
		B85400DE255643E8004700B4 /* Week4Seminar */ = {
			isa = PBXGroup;
			children = (
				B85400DF255643E8004700B4 /* AppDelegate.swift */,
				B85400E1255643E8004700B4 /* SceneDelegate.swift */,
				B85400E3255643E8004700B4 /* ViewController.swift */,
				B85400E5255643E8004700B4 /* Main.storyboard */,
				B85400F425564958004700B4 /* CustomTabBarcontroller.swift */,
				B85400F72556496B004700B4 /* OrangeVC.swift */,
				B85400FA25564976004700B4 /* SkyblueVC.swift */,
				B85400E8255643EE004700B4 /* Assets.xcassets */,
				B85400EA255643EE004700B4 /* LaunchScreen.storyboard */,
				B85400ED255643EE004700B4 /* Info.plist */,
				B85400FD25565097004700B4 /* AnimationTest.storyboard */,
				B854010025565126004700B4 /* AnimationTestVC.swift */,
			);
			path = Week4Seminar;
			sourceTree = "<group>";
		};
/* End PBXGroup section */

/* Begin PBXNativeTarget section */
		B85400DB255643E8004700B4 /* Week4Seminar */ = {
			isa = PBXNativeTarget;
			buildConfigurationList = B85400F0255643EE004700B4 /* Build configuration list for PBXNativeTarget "Week4Seminar" */;
			buildPhases = (
				B85400D8255643E8004700B4 /* Sources */,
				B85400D9255643E8004700B4 /* Frameworks */,
				B85400DA255643E8004700B4 /* Resources */,
			);
			buildRules = (
			);
			dependencies = (
			);
			name = Week4Seminar;
			productName = Week4Seminar;
			productReference = B85400DC255643E8004700B4 /* Week4Seminar.app */;
			productType = "com.apple.product-type.application";
		};
/* End PBXNativeTarget section */

/* Begin PBXProject section */
		B85400D4255643E8004700B4 /* Project object */ = {
			isa = PBXProject;
			attributes = {
				LastSwiftUpdateCheck = 1200;
				LastUpgradeCheck = 1200;
				TargetAttributes = {
					B85400DB255643E8004700B4 = {
						CreatedOnToolsVersion = 12.0;
					};
				};
			};
			buildConfigurationList = B85400D7255643E8004700B4 /* Build configuration list for PBXProject "Week4Seminar" */;
			compatibilityVersion = "Xcode 9.3";
			developmentRegion = en;
			hasScannedForEncodings = 0;
			knownRegions = (
				en,
				Base,
			);
			mainGroup = B85400D3255643E8004700B4;
			productRefGroup = B85400DD255643E8004700B4 /* Products */;
			projectDirPath = "";
			projectRoot = "";
			targets = (
				B85400DB255643E8004700B4 /* Week4Seminar */,
			);
		};
/* End PBXProject section */

/* Begin PBXResourcesBuildPhase section */
		B85400DA255643E8004700B4 /* Resources */ = {
			isa = PBXResourcesBuildPhase;
			buildActionMask = 2147483647;
			files = (
				B85400EC255643EE004700B4 /* LaunchScreen.storyboard in Resources */,
				B85400E9255643EE004700B4 /* Assets.xcassets in Resources */,
				B85400E7255643E8004700B4 /* Main.storyboard in Resources */,
				B85400FE25565097004700B4 /* AnimationTest.storyboard in Resources */,
			);
			runOnlyForDeploymentPostprocessing = 0;
		};
/* End PBXResourcesBuildPhase section */

/* Begin PBXSourcesBuildPhase section */
		B85400D8255643E8004700B4 /* Sources */ = {
			isa = PBXSourcesBuildPhase;
			buildActionMask = 2147483647;
			files = (
				B85400E4255643E8004700B4 /* ViewController.swift in Sources */,
				B85400E0255643E8004700B4 /* AppDelegate.swift in Sources */,
				B854010125565126004700B4 /* AnimationTestVC.swift in Sources */,
				B85400FB25564976004700B4 /* SkyblueVC.swift in Sources */,
				B85400F82556496B004700B4 /* OrangeVC.swift in Sources */,
				B85400F525564959004700B4 /* CustomTabBarcontroller.swift in Sources */,
				B85400E2255643E8004700B4 /* SceneDelegate.swift in Sources */,
			);
			runOnlyForDeploymentPostprocessing = 0;
		};
/* End PBXSourcesBuildPhase section */

/* Begin PBXVariantGroup section */
		B85400E5255643E8004700B4 /* Main.storyboard */ = {
			isa = PBXVariantGroup;
			children = (
				B85400E6255643E8004700B4 /* Base */,
			);
			name = Main.storyboard;
			sourceTree = "<group>";
		};
		B85400EA255643EE004700B4 /* LaunchScreen.storyboard */ = {
			isa = PBXVariantGroup;
			children = (
				B85400EB255643EE004700B4 /* Base */,
			);
			name = LaunchScreen.storyboard;
			sourceTree = "<group>";
		};
/* End PBXVariantGroup section */

/* Begin XCBuildConfiguration section */
		B85400EE255643EE004700B4 /* Debug */ = {
			isa = XCBuildConfiguration;
			buildSettings = {
				ALWAYS_SEARCH_USER_PATHS = NO;
				CLANG_ANALYZER_NONNULL = YES;
				CLANG_ANALYZER_NUMBER_OBJECT_CONVERSION = YES_AGGRESSIVE;
				CLANG_CXX_LANGUAGE_STANDARD = "gnu++14";
				CLANG_CXX_LIBRARY = "libc++";
				CLANG_ENABLE_MODULES = YES;
				CLANG_ENABLE_OBJC_ARC = YES;
				CLANG_ENABLE_OBJC_WEAK = YES;
				CLANG_WARN_BLOCK_CAPTURE_AUTORELEASING = YES;
				CLANG_WARN_BOOL_CONVERSION = YES;
				CLANG_WARN_COMMA = YES;
				CLANG_WARN_CONSTANT_CONVERSION = YES;
				CLANG_WARN_DEPRECATED_OBJC_IMPLEMENTATIONS = YES;
				CLANG_WARN_DIRECT_OBJC_ISA_USAGE = YES_ERROR;
				CLANG_WARN_DOCUMENTATION_COMMENTS = YES;
				CLANG_WARN_EMPTY_BODY = YES;
				CLANG_WARN_ENUM_CONVERSION = YES;
				CLANG_WARN_INFINITE_RECURSION = YES;
				CLANG_WARN_INT_CONVERSION = YES;
				CLANG_WARN_NON_LITERAL_NULL_CONVERSION = YES;
				CLANG_WARN_OBJC_IMPLICIT_RETAIN_SELF = YES;
				CLANG_WARN_OBJC_LITERAL_CONVERSION = YES;
				CLANG_WARN_OBJC_ROOT_CLASS = YES_ERROR;
				CLANG_WARN_QUOTED_INCLUDE_IN_FRAMEWORK_HEADER = YES;
				CLANG_WARN_RANGE_LOOP_ANALYSIS = YES;
				CLANG_WARN_STRICT_PROTOTYPES = YES;
				CLANG_WARN_SUSPICIOUS_MOVE = YES;
				CLANG_WARN_UNGUARDED_AVAILABILITY = YES_AGGRESSIVE;
				CLANG_WARN_UNREACHABLE_CODE = YES;
				CLANG_WARN__DUPLICATE_METHOD_MATCH = YES;
				COPY_PHASE_STRIP = NO;
				DEBUG_INFORMATION_FORMAT = dwarf;
				ENABLE_STRICT_OBJC_MSGSEND = YES;
				ENABLE_TESTABILITY = YES;
				GCC_C_LANGUAGE_STANDARD = gnu11;
				GCC_DYNAMIC_NO_PIC = NO;
				GCC_NO_COMMON_BLOCKS = YES;
				GCC_OPTIMIZATION_LEVEL = 0;
				GCC_PREPROCESSOR_DEFINITIONS = (
					"DEBUG=1",
					"$(inherited)",
				);
				GCC_WARN_64_TO_32_BIT_CONVERSION = YES;
				GCC_WARN_ABOUT_RETURN_TYPE = YES_ERROR;
				GCC_WARN_UNDECLARED_SELECTOR = YES;
				GCC_WARN_UNINITIALIZED_AUTOS = YES_AGGRESSIVE;
				GCC_WARN_UNUSED_FUNCTION = YES;
				GCC_WARN_UNUSED_VARIABLE = YES;
				IPHONEOS_DEPLOYMENT_TARGET = 14.0;
				MTL_ENABLE_DEBUG_INFO = INCLUDE_SOURCE;
				MTL_FAST_MATH = YES;
				ONLY_ACTIVE_ARCH = YES;
				SDKROOT = iphoneos;
				SWIFT_ACTIVE_COMPILATION_CONDITIONS = DEBUG;
				SWIFT_OPTIMIZATION_LEVEL = "-Onone";
			};
			name = Debug;
		};
		B85400EF255643EE004700B4 /* Release */ = {
			isa = XCBuildConfiguration;
			buildSettings = {
				ALWAYS_SEARCH_USER_PATHS = NO;
				CLANG_ANALYZER_NONNULL = YES;
				CLANG_ANALYZER_NUMBER_OBJECT_CONVERSION = YES_AGGRESSIVE;
				CLANG_CXX_LANGUAGE_STANDARD = "gnu++14";
				CLANG_CXX_LIBRARY = "libc++";
				CLANG_ENABLE_MODULES = YES;
				CLANG_ENABLE_OBJC_ARC = YES;
				CLANG_ENABLE_OBJC_WEAK = YES;
				CLANG_WARN_BLOCK_CAPTURE_AUTORELEASING = YES;
				CLANG_WARN_BOOL_CONVERSION = YES;
				CLANG_WARN_COMMA = YES;
				CLANG_WARN_CONSTANT_CONVERSION = YES;
				CLANG_WARN_DEPRECATED_OBJC_IMPLEMENTATIONS = YES;
				CLANG_WARN_DIRECT_OBJC_ISA_USAGE = YES_ERROR;
				CLANG_WARN_DOCUMENTATION_COMMENTS = YES;
				CLANG_WARN_EMPTY_BODY = YES;
				CLANG_WARN_ENUM_CONVERSION = YES;
				CLANG_WARN_INFINITE_RECURSION = YES;
				CLANG_WARN_INT_CONVERSION = YES;
				CLANG_WARN_NON_LITERAL_NULL_CONVERSION = YES;
				CLANG_WARN_OBJC_IMPLICIT_RETAIN_SELF = YES;
				CLANG_WARN_OBJC_LITERAL_CONVERSION = YES;
				CLANG_WARN_OBJC_ROOT_CLASS = YES_ERROR;
				CLANG_WARN_QUOTED_INCLUDE_IN_FRAMEWORK_HEADER = YES;
				CLANG_WARN_RANGE_LOOP_ANALYSIS = YES;
				CLANG_WARN_STRICT_PROTOTYPES = YES;
				CLANG_WARN_SUSPICIOUS_MOVE = YES;
				CLANG_WARN_UNGUARDED_AVAILABILITY = YES_AGGRESSIVE;
				CLANG_WARN_UNREACHABLE_CODE = YES;
				CLANG_WARN__DUPLICATE_METHOD_MATCH = YES;
				COPY_PHASE_STRIP = NO;
				DEBUG_INFORMATION_FORMAT = "dwarf-with-dsym";
				ENABLE_NS_ASSERTIONS = NO;
				ENABLE_STRICT_OBJC_MSGSEND = YES;
				GCC_C_LANGUAGE_STANDARD = gnu11;
				GCC_NO_COMMON_BLOCKS = YES;
				GCC_WARN_64_TO_32_BIT_CONVERSION = YES;
				GCC_WARN_ABOUT_RETURN_TYPE = YES_ERROR;
				GCC_WARN_UNDECLARED_SELECTOR = YES;
				GCC_WARN_UNINITIALIZED_AUTOS = YES_AGGRESSIVE;
				GCC_WARN_UNUSED_FUNCTION = YES;
				GCC_WARN_UNUSED_VARIABLE = YES;
				IPHONEOS_DEPLOYMENT_TARGET = 14.0;
				MTL_ENABLE_DEBUG_INFO = NO;
				MTL_FAST_MATH = YES;
				SDKROOT = iphoneos;
				SWIFT_COMPILATION_MODE = wholemodule;
				SWIFT_OPTIMIZATION_LEVEL = "-O";
				VALIDATE_PRODUCT = YES;
			};
			name = Release;
		};
		B85400F1255643EE004700B4 /* Debug */ = {
			isa = XCBuildConfiguration;
			buildSettings = {
				ASSETCATALOG_COMPILER_APPICON_NAME = AppIcon;
				ASSETCATALOG_COMPILER_GLOBAL_ACCENT_COLOR_NAME = AccentColor;
				CODE_SIGN_STYLE = Automatic;
				DEVELOPMENT_TEAM = 4YXV56BSN6;
				INFOPLIST_FILE = Week4Seminar/Info.plist;
				LD_RUNPATH_SEARCH_PATHS = (
					"$(inherited)",
					"@executable_path/Frameworks",
				);
				PRODUCT_BUNDLE_IDENTIFIER = seul.Week4Seminar;
				PRODUCT_NAME = "$(TARGET_NAME)";
				SWIFT_VERSION = 5.0;
				TARGETED_DEVICE_FAMILY = "1,2";
			};
			name = Debug;
		};
		B85400F2255643EE004700B4 /* Release */ = {
			isa = XCBuildConfiguration;
			buildSettings = {
				ASSETCATALOG_COMPILER_APPICON_NAME = AppIcon;
				ASSETCATALOG_COMPILER_GLOBAL_ACCENT_COLOR_NAME = AccentColor;
				CODE_SIGN_STYLE = Automatic;
				DEVELOPMENT_TEAM = 4YXV56BSN6;
				INFOPLIST_FILE = Week4Seminar/Info.plist;
				LD_RUNPATH_SEARCH_PATHS = (
					"$(inherited)",
					"@executable_path/Frameworks",
				);
				PRODUCT_BUNDLE_IDENTIFIER = seul.Week4Seminar;
				PRODUCT_NAME = "$(TARGET_NAME)";
				SWIFT_VERSION = 5.0;
				TARGETED_DEVICE_FAMILY = "1,2";
			};
			name = Release;
		};
/* End XCBuildConfiguration section */

/* Begin XCConfigurationList section */
		B85400D7255643E8004700B4 /* Build configuration list for PBXProject "Week4Seminar" */ = {
			isa = XCConfigurationList;
			buildConfigurations = (
				B85400EE255643EE004700B4 /* Debug */,
				B85400EF255643EE004700B4 /* Release */,
			);
			defaultConfigurationIsVisible = 0;
			defaultConfigurationName = Release;
		};
		B85400F0255643EE004700B4 /* Build configuration list for PBXNativeTarget "Week4Seminar" */ = {
			isa = XCConfigurationList;
			buildConfigurations = (
				B85400F1255643EE004700B4 /* Debug */,
				B85400F2255643EE004700B4 /* Release */,
			);
			defaultConfigurationIsVisible = 0;
			defaultConfigurationName = Release;
		};
/* End XCConfigurationList section */
	};
	rootObject = B85400D4255643E8004700B4 /* Project object */;
}
