// !$*UTF8*$!
{
	archiveVersion = 1;
	classes = {
	};
	objectVersion = 51;
	objects = {

/* Begin PBXBuildFile section */
		63F8484325712025000919DE /* AppDelegate.swift in Sources */ = {isa = PBXBuildFile; fileRef = 63F8484225712025000919DE /* AppDelegate.swift */; };
		63F8484525712025000919DE /* SceneDelegate.swift in Sources */ = {isa = PBXBuildFile; fileRef = 63F8484425712025000919DE /* SceneDelegate.swift */; };
		63F8484A25712025000919DE /* Main.storyboard in Resources */ = {isa = PBXBuildFile; fileRef = 63F8484825712025000919DE /* Main.storyboard */; };
		63F8484C25712028000919DE /* Assets.xcassets in Resources */ = {isa = PBXBuildFile; fileRef = 63F8484B25712028000919DE /* Assets.xcassets */; };
		63F8484F25712028000919DE /* LaunchScreen.storyboard in Resources */ = {isa = PBXBuildFile; fileRef = 63F8484D25712028000919DE /* LaunchScreen.storyboard */; };
		63F8485925712116000919DE /* SignUpVC.swift in Sources */ = {isa = PBXBuildFile; fileRef = 63F8485825712116000919DE /* SignUpVC.swift */; };
		63F8485C2571212D000919DE /* SignInVC.swift in Sources */ = {isa = PBXBuildFile; fileRef = 63F8485B2571212D000919DE /* SignInVC.swift */; };
		63F848652571248F000919DE /* GenericResponse.swift in Sources */ = {isa = PBXBuildFile; fileRef = 63F848642571248F000919DE /* GenericResponse.swift */; };
		63F84869257125A4000919DE /* SigningData.swift in Sources */ = {isa = PBXBuildFile; fileRef = 63F84868257125A4000919DE /* SigningData.swift */; };
		63F84875257125F0000919DE /* APIConstants.swift in Sources */ = {isa = PBXBuildFile; fileRef = 63F84874257125F0000919DE /* APIConstants.swift */; };
		63F8487D25712857000919DE /* NetworkResult.swift in Sources */ = {isa = PBXBuildFile; fileRef = 63F8487C25712857000919DE /* NetworkResult.swift */; };
		63F8488125712883000919DE /* AuthService.swift in Sources */ = {isa = PBXBuildFile; fileRef = 63F8488025712883000919DE /* AuthService.swift */; };
		83CD4CCFEEA63B45D0F313FF /* Pods_Week6Assignment.framework in Frameworks */ = {isa = PBXBuildFile; fileRef = A3A523149A2AEAD883BEE389 /* Pods_Week6Assignment.framework */; };
/* End PBXBuildFile section */

/* Begin PBXFileReference section */
		63F8483F25712025000919DE /* Week6Assignment.app */ = {isa = PBXFileReference; explicitFileType = wrapper.application; includeInIndex = 0; path = Week6Assignment.app; sourceTree = BUILT_PRODUCTS_DIR; };
		63F8484225712025000919DE /* AppDelegate.swift */ = {isa = PBXFileReference; lastKnownFileType = sourcecode.swift; path = AppDelegate.swift; sourceTree = "<group>"; };
		63F8484425712025000919DE /* SceneDelegate.swift */ = {isa = PBXFileReference; lastKnownFileType = sourcecode.swift; path = SceneDelegate.swift; sourceTree = "<group>"; };
		63F8484925712025000919DE /* Base */ = {isa = PBXFileReference; lastKnownFileType = file.storyboard; name = Base; path = Base.lproj/Main.storyboard; sourceTree = "<group>"; };
		63F8484B25712028000919DE /* Assets.xcassets */ = {isa = PBXFileReference; lastKnownFileType = folder.assetcatalog; path = Assets.xcassets; sourceTree = "<group>"; };
		63F8484E25712028000919DE /* Base */ = {isa = PBXFileReference; lastKnownFileType = file.storyboard; name = Base; path = Base.lproj/LaunchScreen.storyboard; sourceTree = "<group>"; };
		63F8485025712028000919DE /* Info.plist */ = {isa = PBXFileReference; lastKnownFileType = text.plist.xml; path = Info.plist; sourceTree = "<group>"; };
		63F8485825712116000919DE /* SignUpVC.swift */ = {isa = PBXFileReference; lastKnownFileType = sourcecode.swift; path = SignUpVC.swift; sourceTree = "<group>"; };
		63F8485B2571212D000919DE /* SignInVC.swift */ = {isa = PBXFileReference; lastKnownFileType = sourcecode.swift; path = SignInVC.swift; sourceTree = "<group>"; };
		63F848642571248F000919DE /* GenericResponse.swift */ = {isa = PBXFileReference; lastKnownFileType = sourcecode.swift; path = GenericResponse.swift; sourceTree = "<group>"; };
		63F84868257125A4000919DE /* SigningData.swift */ = {isa = PBXFileReference; lastKnownFileType = sourcecode.swift; path = SigningData.swift; sourceTree = "<group>"; };
		63F84874257125F0000919DE /* APIConstants.swift */ = {isa = PBXFileReference; lastKnownFileType = sourcecode.swift; path = APIConstants.swift; sourceTree = "<group>"; };
		63F8487C25712857000919DE /* NetworkResult.swift */ = {isa = PBXFileReference; lastKnownFileType = sourcecode.swift; path = NetworkResult.swift; sourceTree = "<group>"; };
		63F8488025712883000919DE /* AuthService.swift */ = {isa = PBXFileReference; lastKnownFileType = sourcecode.swift; path = AuthService.swift; sourceTree = "<group>"; };
		A3A523149A2AEAD883BEE389 /* Pods_Week6Assignment.framework */ = {isa = PBXFileReference; explicitFileType = wrapper.framework; includeInIndex = 0; path = Pods_Week6Assignment.framework; sourceTree = BUILT_PRODUCTS_DIR; };
		D95D82885785E6FD85BB27E1 /* Pods-Week6Assignment.debug.xcconfig */ = {isa = PBXFileReference; includeInIndex = 1; lastKnownFileType = text.xcconfig; name = "Pods-Week6Assignment.debug.xcconfig"; path = "Target Support Files/Pods-Week6Assignment/Pods-Week6Assignment.debug.xcconfig"; sourceTree = "<group>"; };
		F80B14CBDE7910D6B386DC0D /* Pods-Week6Assignment.release.xcconfig */ = {isa = PBXFileReference; includeInIndex = 1; lastKnownFileType = text.xcconfig; name = "Pods-Week6Assignment.release.xcconfig"; path = "Target Support Files/Pods-Week6Assignment/Pods-Week6Assignment.release.xcconfig"; sourceTree = "<group>"; };
/* End PBXFileReference section */

/* Begin PBXFrameworksBuildPhase section */
		63F8483C25712025000919DE /* Frameworks */ = {
			isa = PBXFrameworksBuildPhase;
			buildActionMask = 2147483647;
			files = (
				83CD4CCFEEA63B45D0F313FF /* Pods_Week6Assignment.framework in Frameworks */,
			);
			runOnlyForDeploymentPostprocessing = 0;
		};
/* End PBXFrameworksBuildPhase section */

/* Begin PBXGroup section */
		621C923324A087DCE131F275 /* Pods */ = {
			isa = PBXGroup;
			children = (
				D95D82885785E6FD85BB27E1 /* Pods-Week6Assignment.debug.xcconfig */,
				F80B14CBDE7910D6B386DC0D /* Pods-Week6Assignment.release.xcconfig */,
			);
			path = Pods;
			sourceTree = "<group>";
		};
		63F8483625712025000919DE = {
			isa = PBXGroup;
			children = (
				63F8484125712025000919DE /* Week6Assignment */,
				63F8484025712025000919DE /* Products */,
				621C923324A087DCE131F275 /* Pods */,
				B6C49015A502CD4C48680646 /* Frameworks */,
			);
			sourceTree = "<group>";
		};
		63F8484025712025000919DE /* Products */ = {
			isa = PBXGroup;
			children = (
				63F8483F25712025000919DE /* Week6Assignment.app */,
			);
			name = Products;
			sourceTree = "<group>";
		};
		63F8484125712025000919DE /* Week6Assignment */ = {
			isa = PBXGroup;
			children = (
				63F8485F25712209000919DE /* Sources */,
				63F8485E257121FB000919DE /* Resources */,
				63F8484225712025000919DE /* AppDelegate.swift */,
				63F8484425712025000919DE /* SceneDelegate.swift */,
				63F8485025712028000919DE /* Info.plist */,
			);
			path = Week6Assignment;
			sourceTree = "<group>";
		};
		63F8485E257121FB000919DE /* Resources */ = {
			isa = PBXGroup;
			children = (
				63F8484B25712028000919DE /* Assets.xcassets */,
				63F8486325712227000919DE /* APIServices */,
				63F8486025712210000919DE /* Storyboards */,
			);
			path = Resources;
			sourceTree = "<group>";
		};
		63F8485F25712209000919DE /* Sources */ = {
			isa = PBXGroup;
			children = (
				63F8486225712221000919DE /* Model */,
				63F848612571221C000919DE /* VCs */,
			);
			path = Sources;
			sourceTree = "<group>";
		};
		63F8486025712210000919DE /* Storyboards */ = {
			isa = PBXGroup;
			children = (
				63F8484825712025000919DE /* Main.storyboard */,
				63F8484D25712028000919DE /* LaunchScreen.storyboard */,
			);
			path = Storyboards;
			sourceTree = "<group>";
		};
		63F848612571221C000919DE /* VCs */ = {
			isa = PBXGroup;
			children = (
				63F8485B2571212D000919DE /* SignInVC.swift */,
				63F8485825712116000919DE /* SignUpVC.swift */,
			);
			path = VCs;
			sourceTree = "<group>";
		};
		63F8486225712221000919DE /* Model */ = {
			isa = PBXGroup;
			children = (
				63F848642571248F000919DE /* GenericResponse.swift */,
				63F84868257125A4000919DE /* SigningData.swift */,
			);
			path = Model;
			sourceTree = "<group>";
		};
		63F8486325712227000919DE /* APIServices */ = {
			isa = PBXGroup;
			children = (
				63F84874257125F0000919DE /* APIConstants.swift */,
				63F8487C25712857000919DE /* NetworkResult.swift */,
				63F8488025712883000919DE /* AuthService.swift */,
			);
			path = APIServices;
			sourceTree = "<group>";
		};
		B6C49015A502CD4C48680646 /* Frameworks */ = {
			isa = PBXGroup;
			children = (
				A3A523149A2AEAD883BEE389 /* Pods_Week6Assignment.framework */,
			);
			name = Frameworks;
			sourceTree = "<group>";
		};
/* End PBXGroup section */

/* Begin PBXNativeTarget section */
		63F8483E25712025000919DE /* Week6Assignment */ = {
			isa = PBXNativeTarget;
			buildConfigurationList = 63F8485325712028000919DE /* Build configuration list for PBXNativeTarget "Week6Assignment" */;
			buildPhases = (
				5E95ED335071A6B217F0D5E2 /* [CP] Check Pods Manifest.lock */,
				63F8483B25712025000919DE /* Sources */,
				63F8483C25712025000919DE /* Frameworks */,
				63F8483D25712025000919DE /* Resources */,
				2EF9C60E66402C30D0B1AEB9 /* [CP] Embed Pods Frameworks */,
			);
			buildRules = (
			);
			dependencies = (
			);
			name = Week6Assignment;
			productName = Week6Assignment;
			productReference = 63F8483F25712025000919DE /* Week6Assignment.app */;
			productType = "com.apple.product-type.application";
		};
/* End PBXNativeTarget section */

/* Begin PBXProject section */
		63F8483725712025000919DE /* Project object */ = {
			isa = PBXProject;
			attributes = {
				LastSwiftUpdateCheck = 1220;
				LastUpgradeCheck = 1220;
				TargetAttributes = {
					63F8483E25712025000919DE = {
						CreatedOnToolsVersion = 12.2;
					};
				};
			};
			buildConfigurationList = 63F8483A25712025000919DE /* Build configuration list for PBXProject "Week6Assignment" */;
			compatibilityVersion = "Xcode 9.3";
			developmentRegion = en;
			hasScannedForEncodings = 0;
			knownRegions = (
				en,
				Base,
			);
			mainGroup = 63F8483625712025000919DE;
			productRefGroup = 63F8484025712025000919DE /* Products */;
			projectDirPath = "";
			projectRoot = "";
			targets = (
				63F8483E25712025000919DE /* Week6Assignment */,
			);
		};
/* End PBXProject section */

/* Begin PBXResourcesBuildPhase section */
		63F8483D25712025000919DE /* Resources */ = {
			isa = PBXResourcesBuildPhase;
			buildActionMask = 2147483647;
			files = (
				63F8484F25712028000919DE /* LaunchScreen.storyboard in Resources */,
				63F8484C25712028000919DE /* Assets.xcassets in Resources */,
				63F8484A25712025000919DE /* Main.storyboard in Resources */,
			);
			runOnlyForDeploymentPostprocessing = 0;
		};
/* End PBXResourcesBuildPhase section */

/* Begin PBXShellScriptBuildPhase section */
		2EF9C60E66402C30D0B1AEB9 /* [CP] Embed Pods Frameworks */ = {
			isa = PBXShellScriptBuildPhase;
			buildActionMask = 2147483647;
			files = (
			);
			inputFileListPaths = (
				"${PODS_ROOT}/Target Support Files/Pods-Week6Assignment/Pods-Week6Assignment-frameworks-${CONFIGURATION}-input-files.xcfilelist",
			);
			name = "[CP] Embed Pods Frameworks";
			outputFileListPaths = (
				"${PODS_ROOT}/Target Support Files/Pods-Week6Assignment/Pods-Week6Assignment-frameworks-${CONFIGURATION}-output-files.xcfilelist",
			);
			runOnlyForDeploymentPostprocessing = 0;
			shellPath = /bin/sh;
			shellScript = "\"${PODS_ROOT}/Target Support Files/Pods-Week6Assignment/Pods-Week6Assignment-frameworks.sh\"\n";
			showEnvVarsInLog = 0;
		};
		5E95ED335071A6B217F0D5E2 /* [CP] Check Pods Manifest.lock */ = {
			isa = PBXShellScriptBuildPhase;
			buildActionMask = 2147483647;
			files = (
			);
			inputFileListPaths = (
			);
			inputPaths = (
				"${PODS_PODFILE_DIR_PATH}/Podfile.lock",
				"${PODS_ROOT}/Manifest.lock",
			);
			name = "[CP] Check Pods Manifest.lock";
			outputFileListPaths = (
			);
			outputPaths = (
				"$(DERIVED_FILE_DIR)/Pods-Week6Assignment-checkManifestLockResult.txt",
			);
			runOnlyForDeploymentPostprocessing = 0;
			shellPath = /bin/sh;
			shellScript = "diff \"${PODS_PODFILE_DIR_PATH}/Podfile.lock\" \"${PODS_ROOT}/Manifest.lock\" > /dev/null\nif [ $? != 0 ] ; then\n    # print error to STDERR\n    echo \"error: The sandbox is not in sync with the Podfile.lock. Run 'pod install' or update your CocoaPods installation.\" >&2\n    exit 1\nfi\n# This output is used by Xcode 'outputs' to avoid re-running this script phase.\necho \"SUCCESS\" > \"${SCRIPT_OUTPUT_FILE_0}\"\n";
			showEnvVarsInLog = 0;
		};
/* End PBXShellScriptBuildPhase section */

/* Begin PBXSourcesBuildPhase section */
		63F8483B25712025000919DE /* Sources */ = {
			isa = PBXSourcesBuildPhase;
			buildActionMask = 2147483647;
			files = (
				63F848652571248F000919DE /* GenericResponse.swift in Sources */,
				63F8484325712025000919DE /* AppDelegate.swift in Sources */,
				63F8487D25712857000919DE /* NetworkResult.swift in Sources */,
				63F8485925712116000919DE /* SignUpVC.swift in Sources */,
				63F84869257125A4000919DE /* SigningData.swift in Sources */,
				63F8485C2571212D000919DE /* SignInVC.swift in Sources */,
				63F8488125712883000919DE /* AuthService.swift in Sources */,
				63F8484525712025000919DE /* SceneDelegate.swift in Sources */,
				63F84875257125F0000919DE /* APIConstants.swift in Sources */,
			);
			runOnlyForDeploymentPostprocessing = 0;
		};
/* End PBXSourcesBuildPhase section */

/* Begin PBXVariantGroup section */
		63F8484825712025000919DE /* Main.storyboard */ = {
			isa = PBXVariantGroup;
			children = (
				63F8484925712025000919DE /* Base */,
			);
			name = Main.storyboard;
			sourceTree = "<group>";
		};
		63F8484D25712028000919DE /* LaunchScreen.storyboard */ = {
			isa = PBXVariantGroup;
			children = (
				63F8484E25712028000919DE /* Base */,
			);
			name = LaunchScreen.storyboard;
			sourceTree = "<group>";
		};
/* End PBXVariantGroup section */

/* Begin XCBuildConfiguration section */
		63F8485125712028000919DE /* Debug */ = {
			isa = XCBuildConfiguration;
			buildSettings = {
				ALWAYS_SEARCH_USER_PATHS = NO;
				CLANG_ANALYZER_NONNULL = YES;
				CLANG_ANALYZER_NUMBER_OBJECT_CONVERSION = YES_AGGRESSIVE;
				CLANG_CXX_LANGUAGE_STANDARD = "gnu++14";
				CLANG_CXX_LIBRARY = "libc++";
				CLANG_ENABLE_MODULES = YES;
				CLANG_ENABLE_OBJC_ARC = YES;
				CLANG_ENABLE_OBJC_WEAK = YES;
				CLANG_WARN_BLOCK_CAPTURE_AUTORELEASING = YES;
				CLANG_WARN_BOOL_CONVERSION = YES;
				CLANG_WARN_COMMA = YES;
				CLANG_WARN_CONSTANT_CONVERSION = YES;
				CLANG_WARN_DEPRECATED_OBJC_IMPLEMENTATIONS = YES;
				CLANG_WARN_DIRECT_OBJC_ISA_USAGE = YES_ERROR;
				CLANG_WARN_DOCUMENTATION_COMMENTS = YES;
				CLANG_WARN_EMPTY_BODY = YES;
				CLANG_WARN_ENUM_CONVERSION = YES;
				CLANG_WARN_INFINITE_RECURSION = YES;
				CLANG_WARN_INT_CONVERSION = YES;
				CLANG_WARN_NON_LITERAL_NULL_CONVERSION = YES;
				CLANG_WARN_OBJC_IMPLICIT_RETAIN_SELF = YES;
				CLANG_WARN_OBJC_LITERAL_CONVERSION = YES;
				CLANG_WARN_OBJC_ROOT_CLASS = YES_ERROR;
				CLANG_WARN_QUOTED_INCLUDE_IN_FRAMEWORK_HEADER = YES;
				CLANG_WARN_RANGE_LOOP_ANALYSIS = YES;
				CLANG_WARN_STRICT_PROTOTYPES = YES;
				CLANG_WARN_SUSPICIOUS_MOVE = YES;
				CLANG_WARN_UNGUARDED_AVAILABILITY = YES_AGGRESSIVE;
				CLANG_WARN_UNREACHABLE_CODE = YES;
				CLANG_WARN__DUPLICATE_METHOD_MATCH = YES;
				COPY_PHASE_STRIP = NO;
				DEBUG_INFORMATION_FORMAT = dwarf;
				ENABLE_STRICT_OBJC_MSGSEND = YES;
				ENABLE_TESTABILITY = YES;
				GCC_C_LANGUAGE_STANDARD = gnu11;
				GCC_DYNAMIC_NO_PIC = NO;
				GCC_NO_COMMON_BLOCKS = YES;
				GCC_OPTIMIZATION_LEVEL = 0;
				GCC_PREPROCESSOR_DEFINITIONS = (
					"DEBUG=1",
					"$(inherited)",
				);
				GCC_WARN_64_TO_32_BIT_CONVERSION = YES;
				GCC_WARN_ABOUT_RETURN_TYPE = YES_ERROR;
				GCC_WARN_UNDECLARED_SELECTOR = YES;
				GCC_WARN_UNINITIALIZED_AUTOS = YES_AGGRESSIVE;
				GCC_WARN_UNUSED_FUNCTION = YES;
				GCC_WARN_UNUSED_VARIABLE = YES;
				IPHONEOS_DEPLOYMENT_TARGET = 14.2;
				MTL_ENABLE_DEBUG_INFO = INCLUDE_SOURCE;
				MTL_FAST_MATH = YES;
				ONLY_ACTIVE_ARCH = YES;
				SDKROOT = iphoneos;
				SWIFT_ACTIVE_COMPILATION_CONDITIONS = DEBUG;
				SWIFT_OPTIMIZATION_LEVEL = "-Onone";
			};
			name = Debug;
		};
		63F8485225712028000919DE /* Release */ = {
			isa = XCBuildConfiguration;
			buildSettings = {
				ALWAYS_SEARCH_USER_PATHS = NO;
				CLANG_ANALYZER_NONNULL = YES;
				CLANG_ANALYZER_NUMBER_OBJECT_CONVERSION = YES_AGGRESSIVE;
				CLANG_CXX_LANGUAGE_STANDARD = "gnu++14";
				CLANG_CXX_LIBRARY = "libc++";
				CLANG_ENABLE_MODULES = YES;
				CLANG_ENABLE_OBJC_ARC = YES;
				CLANG_ENABLE_OBJC_WEAK = YES;
				CLANG_WARN_BLOCK_CAPTURE_AUTORELEASING = YES;
				CLANG_WARN_BOOL_CONVERSION = YES;
				CLANG_WARN_COMMA = YES;
				CLANG_WARN_CONSTANT_CONVERSION = YES;
				CLANG_WARN_DEPRECATED_OBJC_IMPLEMENTATIONS = YES;
				CLANG_WARN_DIRECT_OBJC_ISA_USAGE = YES_ERROR;
				CLANG_WARN_DOCUMENTATION_COMMENTS = YES;
				CLANG_WARN_EMPTY_BODY = YES;
				CLANG_WARN_ENUM_CONVERSION = YES;
				CLANG_WARN_INFINITE_RECURSION = YES;
				CLANG_WARN_INT_CONVERSION = YES;
				CLANG_WARN_NON_LITERAL_NULL_CONVERSION = YES;
				CLANG_WARN_OBJC_IMPLICIT_RETAIN_SELF = YES;
				CLANG_WARN_OBJC_LITERAL_CONVERSION = YES;
				CLANG_WARN_OBJC_ROOT_CLASS = YES_ERROR;
				CLANG_WARN_QUOTED_INCLUDE_IN_FRAMEWORK_HEADER = YES;
				CLANG_WARN_RANGE_LOOP_ANALYSIS = YES;
				CLANG_WARN_STRICT_PROTOTYPES = YES;
				CLANG_WARN_SUSPICIOUS_MOVE = YES;
				CLANG_WARN_UNGUARDED_AVAILABILITY = YES_AGGRESSIVE;
				CLANG_WARN_UNREACHABLE_CODE = YES;
				CLANG_WARN__DUPLICATE_METHOD_MATCH = YES;
				COPY_PHASE_STRIP = NO;
				DEBUG_INFORMATION_FORMAT = "dwarf-with-dsym";
				ENABLE_NS_ASSERTIONS = NO;
				ENABLE_STRICT_OBJC_MSGSEND = YES;
				GCC_C_LANGUAGE_STANDARD = gnu11;
				GCC_NO_COMMON_BLOCKS = YES;
				GCC_WARN_64_TO_32_BIT_CONVERSION = YES;
				GCC_WARN_ABOUT_RETURN_TYPE = YES_ERROR;
				GCC_WARN_UNDECLARED_SELECTOR = YES;
				GCC_WARN_UNINITIALIZED_AUTOS = YES_AGGRESSIVE;
				GCC_WARN_UNUSED_FUNCTION = YES;
				GCC_WARN_UNUSED_VARIABLE = YES;
				IPHONEOS_DEPLOYMENT_TARGET = 14.2;
				MTL_ENABLE_DEBUG_INFO = NO;
				MTL_FAST_MATH = YES;
				SDKROOT = iphoneos;
				SWIFT_COMPILATION_MODE = wholemodule;
				SWIFT_OPTIMIZATION_LEVEL = "-O";
				VALIDATE_PRODUCT = YES;
			};
			name = Release;
		};
		63F8485425712028000919DE /* Debug */ = {
			isa = XCBuildConfiguration;
			baseConfigurationReference = D95D82885785E6FD85BB27E1 /* Pods-Week6Assignment.debug.xcconfig */;
			buildSettings = {
				ASSETCATALOG_COMPILER_APPICON_NAME = AppIcon;
				ASSETCATALOG_COMPILER_GLOBAL_ACCENT_COLOR_NAME = AccentColor;
				CODE_SIGN_STYLE = Automatic;
				DEVELOPMENT_TEAM = 4YXV56BSN6;
				INFOPLIST_FILE = Week6Assignment/Info.plist;
				LD_RUNPATH_SEARCH_PATHS = (
					"$(inherited)",
					"@executable_path/Frameworks",
				);
				PRODUCT_BUNDLE_IDENTIFIER = yeseullee.Week6Assignment;
				PRODUCT_NAME = "$(TARGET_NAME)";
				SWIFT_VERSION = 5.0;
				TARGETED_DEVICE_FAMILY = "1,2";
			};
			name = Debug;
		};
		63F8485525712028000919DE /* Release */ = {
			isa = XCBuildConfiguration;
			baseConfigurationReference = F80B14CBDE7910D6B386DC0D /* Pods-Week6Assignment.release.xcconfig */;
			buildSettings = {
				ASSETCATALOG_COMPILER_APPICON_NAME = AppIcon;
				ASSETCATALOG_COMPILER_GLOBAL_ACCENT_COLOR_NAME = AccentColor;
				CODE_SIGN_STYLE = Automatic;
				DEVELOPMENT_TEAM = 4YXV56BSN6;
				INFOPLIST_FILE = Week6Assignment/Info.plist;
				LD_RUNPATH_SEARCH_PATHS = (
					"$(inherited)",
					"@executable_path/Frameworks",
				);
				PRODUCT_BUNDLE_IDENTIFIER = yeseullee.Week6Assignment;
				PRODUCT_NAME = "$(TARGET_NAME)";
				SWIFT_VERSION = 5.0;
				TARGETED_DEVICE_FAMILY = "1,2";
			};
			name = Release;
		};
/* End XCBuildConfiguration section */

/* Begin XCConfigurationList section */
		63F8483A25712025000919DE /* Build configuration list for PBXProject "Week6Assignment" */ = {
			isa = XCConfigurationList;
			buildConfigurations = (
				63F8485125712028000919DE /* Debug */,
				63F8485225712028000919DE /* Release */,
			);
			defaultConfigurationIsVisible = 0;
			defaultConfigurationName = Release;
		};
		63F8485325712028000919DE /* Build configuration list for PBXNativeTarget "Week6Assignment" */ = {
			isa = XCConfigurationList;
			buildConfigurations = (
				63F8485425712028000919DE /* Debug */,
				63F8485525712028000919DE /* Release */,
			);
			defaultConfigurationIsVisible = 0;
			defaultConfigurationName = Release;
		};
/* End XCConfigurationList section */
	};
	rootObject = 63F8483725712025000919DE /* Project object */;
}
