// !$*UTF8*$!
{
	archiveVersion = 1;
	classes = {
	};
	objectVersion = 50;
	objects = {

/* Begin PBXBuildFile section */
		63487B0D2568CB070005BC68 /* AppDelegate.swift in Sources */ = {isa = PBXBuildFile; fileRef = 63487B0C2568CB070005BC68 /* AppDelegate.swift */; };
		63487B0F2568CB070005BC68 /* SceneDelegate.swift in Sources */ = {isa = PBXBuildFile; fileRef = 63487B0E2568CB070005BC68 /* SceneDelegate.swift */; };
		63487B112568CB070005BC68 /* ViewController.swift in Sources */ = {isa = PBXBuildFile; fileRef = 63487B102568CB070005BC68 /* ViewController.swift */; };
		63487B142568CB070005BC68 /* Main.storyboard in Resources */ = {isa = PBXBuildFile; fileRef = 63487B122568CB070005BC68 /* Main.storyboard */; };
		63487B162568CB090005BC68 /* Assets.xcassets in Resources */ = {isa = PBXBuildFile; fileRef = 63487B152568CB090005BC68 /* Assets.xcassets */; };
		63487B192568CB090005BC68 /* LaunchScreen.storyboard in Resources */ = {isa = PBXBuildFile; fileRef = 63487B172568CB090005BC68 /* LaunchScreen.storyboard */; };
		934D21B8E4AFCD42CD24E786 /* Pods_Week5Seminar.framework in Frameworks */ = {isa = PBXBuildFile; fileRef = 530DDA3BC7794D3C10560342 /* Pods_Week5Seminar.framework */; };
/* End PBXBuildFile section */

/* Begin PBXFileReference section */
		530DDA3BC7794D3C10560342 /* Pods_Week5Seminar.framework */ = {isa = PBXFileReference; explicitFileType = wrapper.framework; includeInIndex = 0; path = Pods_Week5Seminar.framework; sourceTree = BUILT_PRODUCTS_DIR; };
		63487B092568CB070005BC68 /* Week5Seminar.app */ = {isa = PBXFileReference; explicitFileType = wrapper.application; includeInIndex = 0; path = Week5Seminar.app; sourceTree = BUILT_PRODUCTS_DIR; };
		63487B0C2568CB070005BC68 /* AppDelegate.swift */ = {isa = PBXFileReference; lastKnownFileType = sourcecode.swift; path = AppDelegate.swift; sourceTree = "<group>"; };
		63487B0E2568CB070005BC68 /* SceneDelegate.swift */ = {isa = PBXFileReference; lastKnownFileType = sourcecode.swift; path = SceneDelegate.swift; sourceTree = "<group>"; };
		63487B102568CB070005BC68 /* ViewController.swift */ = {isa = PBXFileReference; lastKnownFileType = sourcecode.swift; path = ViewController.swift; sourceTree = "<group>"; };
		63487B132568CB070005BC68 /* Base */ = {isa = PBXFileReference; lastKnownFileType = file.storyboard; name = Base; path = Base.lproj/Main.storyboard; sourceTree = "<group>"; };
		63487B152568CB090005BC68 /* Assets.xcassets */ = {isa = PBXFileReference; lastKnownFileType = folder.assetcatalog; path = Assets.xcassets; sourceTree = "<group>"; };
		63487B182568CB090005BC68 /* Base */ = {isa = PBXFileReference; lastKnownFileType = file.storyboard; name = Base; path = Base.lproj/LaunchScreen.storyboard; sourceTree = "<group>"; };
		63487B1A2568CB090005BC68 /* Info.plist */ = {isa = PBXFileReference; lastKnownFileType = text.plist.xml; path = Info.plist; sourceTree = "<group>"; };
		7FA8F5676542C6208F2975CE /* Pods-Week5Seminar.debug.xcconfig */ = {isa = PBXFileReference; includeInIndex = 1; lastKnownFileType = text.xcconfig; name = "Pods-Week5Seminar.debug.xcconfig"; path = "Target Support Files/Pods-Week5Seminar/Pods-Week5Seminar.debug.xcconfig"; sourceTree = "<group>"; };
		A1C6CCE8DF74BB5E4DF8E6F5 /* Pods-Week5Seminar.release.xcconfig */ = {isa = PBXFileReference; includeInIndex = 1; lastKnownFileType = text.xcconfig; name = "Pods-Week5Seminar.release.xcconfig"; path = "Target Support Files/Pods-Week5Seminar/Pods-Week5Seminar.release.xcconfig"; sourceTree = "<group>"; };
/* End PBXFileReference section */

/* Begin PBXFrameworksBuildPhase section */
		63487B062568CB070005BC68 /* Frameworks */ = {
			isa = PBXFrameworksBuildPhase;
			buildActionMask = 2147483647;
			files = (
				934D21B8E4AFCD42CD24E786 /* Pods_Week5Seminar.framework in Frameworks */,
			);
			runOnlyForDeploymentPostprocessing = 0;
		};
/* End PBXFrameworksBuildPhase section */

/* Begin PBXGroup section */
		1D695011AADC17028EB6E5F7 /* Frameworks */ = {
			isa = PBXGroup;
			children = (
				530DDA3BC7794D3C10560342 /* Pods_Week5Seminar.framework */,
			);
			name = Frameworks;
			sourceTree = "<group>";
		};
		63487B002568CB070005BC68 = {
			isa = PBXGroup;
			children = (
				63487B0B2568CB070005BC68 /* Week5Seminar */,
				63487B0A2568CB070005BC68 /* Products */,
				72547AC88AB453FDD4B45E97 /* Pods */,
				1D695011AADC17028EB6E5F7 /* Frameworks */,
			);
			sourceTree = "<group>";
		};
		63487B0A2568CB070005BC68 /* Products */ = {
			isa = PBXGroup;
			children = (
				63487B092568CB070005BC68 /* Week5Seminar.app */,
			);
			name = Products;
			sourceTree = "<group>";
		};
		63487B0B2568CB070005BC68 /* Week5Seminar */ = {
			isa = PBXGroup;
			children = (
				63487B0C2568CB070005BC68 /* AppDelegate.swift */,
				63487B0E2568CB070005BC68 /* SceneDelegate.swift */,
				63487B102568CB070005BC68 /* ViewController.swift */,
				63487B122568CB070005BC68 /* Main.storyboard */,
				63487B152568CB090005BC68 /* Assets.xcassets */,
				63487B172568CB090005BC68 /* LaunchScreen.storyboard */,
				63487B1A2568CB090005BC68 /* Info.plist */,
			);
			path = Week5Seminar;
			sourceTree = "<group>";
		};
		72547AC88AB453FDD4B45E97 /* Pods */ = {
			isa = PBXGroup;
			children = (
				7FA8F5676542C6208F2975CE /* Pods-Week5Seminar.debug.xcconfig */,
				A1C6CCE8DF74BB5E4DF8E6F5 /* Pods-Week5Seminar.release.xcconfig */,
			);
			name = Pods;
			path = Pods;
			sourceTree = "<group>";
		};
/* End PBXGroup section */

/* Begin PBXNativeTarget section */
		63487B082568CB070005BC68 /* Week5Seminar */ = {
			isa = PBXNativeTarget;
			buildConfigurationList = 63487B1D2568CB090005BC68 /* Build configuration list for PBXNativeTarget "Week5Seminar" */;
			buildPhases = (
				1B7404A4759BED539E924A4F /* [CP] Check Pods Manifest.lock */,
				63487B052568CB070005BC68 /* Sources */,
				63487B062568CB070005BC68 /* Frameworks */,
				63487B072568CB070005BC68 /* Resources */,
				5955112518DDA9854CCA6212 /* [CP] Embed Pods Frameworks */,
			);
			buildRules = (
			);
			dependencies = (
			);
			name = Week5Seminar;
			productName = Week5Seminar;
			productReference = 63487B092568CB070005BC68 /* Week5Seminar.app */;
			productType = "com.apple.product-type.application";
		};
/* End PBXNativeTarget section */

/* Begin PBXProject section */
		63487B012568CB070005BC68 /* Project object */ = {
			isa = PBXProject;
			attributes = {
				LastSwiftUpdateCheck = 1220;
				LastUpgradeCheck = 1220;
				TargetAttributes = {
					63487B082568CB070005BC68 = {
						CreatedOnToolsVersion = 12.2;
					};
				};
			};
			buildConfigurationList = 63487B042568CB070005BC68 /* Build configuration list for PBXProject "Week5Seminar" */;
			compatibilityVersion = "Xcode 9.3";
			developmentRegion = en;
			hasScannedForEncodings = 0;
			knownRegions = (
				en,
				Base,
			);
			mainGroup = 63487B002568CB070005BC68;
			productRefGroup = 63487B0A2568CB070005BC68 /* Products */;
			projectDirPath = "";
			projectRoot = "";
			targets = (
				63487B082568CB070005BC68 /* Week5Seminar */,
			);
		};
/* End PBXProject section */

/* Begin PBXResourcesBuildPhase section */
		63487B072568CB070005BC68 /* Resources */ = {
			isa = PBXResourcesBuildPhase;
			buildActionMask = 2147483647;
			files = (
				63487B192568CB090005BC68 /* LaunchScreen.storyboard in Resources */,
				63487B162568CB090005BC68 /* Assets.xcassets in Resources */,
				63487B142568CB070005BC68 /* Main.storyboard in Resources */,
			);
			runOnlyForDeploymentPostprocessing = 0;
		};
/* End PBXResourcesBuildPhase section */

/* Begin PBXShellScriptBuildPhase section */
		1B7404A4759BED539E924A4F /* [CP] Check Pods Manifest.lock */ = {
			isa = PBXShellScriptBuildPhase;
			buildActionMask = 2147483647;
			files = (
			);
			inputFileListPaths = (
			);
			inputPaths = (
				"${PODS_PODFILE_DIR_PATH}/Podfile.lock",
				"${PODS_ROOT}/Manifest.lock",
			);
			name = "[CP] Check Pods Manifest.lock";
			outputFileListPaths = (
			);
			outputPaths = (
				"$(DERIVED_FILE_DIR)/Pods-Week5Seminar-checkManifestLockResult.txt",
			);
			runOnlyForDeploymentPostprocessing = 0;
			shellPath = /bin/sh;
			shellScript = "diff \"${PODS_PODFILE_DIR_PATH}/Podfile.lock\" \"${PODS_ROOT}/Manifest.lock\" > /dev/null\nif [ $? != 0 ] ; then\n    # print error to STDERR\n    echo \"error: The sandbox is not in sync with the Podfile.lock. Run 'pod install' or update your CocoaPods installation.\" >&2\n    exit 1\nfi\n# This output is used by Xcode 'outputs' to avoid re-running this script phase.\necho \"SUCCESS\" > \"${SCRIPT_OUTPUT_FILE_0}\"\n";
			showEnvVarsInLog = 0;
		};
		5955112518DDA9854CCA6212 /* [CP] Embed Pods Frameworks */ = {
			isa = PBXShellScriptBuildPhase;
			buildActionMask = 2147483647;
			files = (
			);
			inputFileListPaths = (
				"${PODS_ROOT}/Target Support Files/Pods-Week5Seminar/Pods-Week5Seminar-frameworks-${CONFIGURATION}-input-files.xcfilelist",
			);
			name = "[CP] Embed Pods Frameworks";
			outputFileListPaths = (
				"${PODS_ROOT}/Target Support Files/Pods-Week5Seminar/Pods-Week5Seminar-frameworks-${CONFIGURATION}-output-files.xcfilelist",
			);
			runOnlyForDeploymentPostprocessing = 0;
			shellPath = /bin/sh;
			shellScript = "\"${PODS_ROOT}/Target Support Files/Pods-Week5Seminar/Pods-Week5Seminar-frameworks.sh\"\n";
			showEnvVarsInLog = 0;
		};
/* End PBXShellScriptBuildPhase section */

/* Begin PBXSourcesBuildPhase section */
		63487B052568CB070005BC68 /* Sources */ = {
			isa = PBXSourcesBuildPhase;
			buildActionMask = 2147483647;
			files = (
				63487B112568CB070005BC68 /* ViewController.swift in Sources */,
				63487B0D2568CB070005BC68 /* AppDelegate.swift in Sources */,
				63487B0F2568CB070005BC68 /* SceneDelegate.swift in Sources */,
			);
			runOnlyForDeploymentPostprocessing = 0;
		};
/* End PBXSourcesBuildPhase section */

/* Begin PBXVariantGroup section */
		63487B122568CB070005BC68 /* Main.storyboard */ = {
			isa = PBXVariantGroup;
			children = (
				63487B132568CB070005BC68 /* Base */,
			);
			name = Main.storyboard;
			sourceTree = "<group>";
		};
		63487B172568CB090005BC68 /* LaunchScreen.storyboard */ = {
			isa = PBXVariantGroup;
			children = (
				63487B182568CB090005BC68 /* Base */,
			);
			name = LaunchScreen.storyboard;
			sourceTree = "<group>";
		};
/* End PBXVariantGroup section */

/* Begin XCBuildConfiguration section */
		63487B1B2568CB090005BC68 /* Debug */ = {
			isa = XCBuildConfiguration;
			buildSettings = {
				ALWAYS_SEARCH_USER_PATHS = NO;
				CLANG_ANALYZER_NONNULL = YES;
				CLANG_ANALYZER_NUMBER_OBJECT_CONVERSION = YES_AGGRESSIVE;
				CLANG_CXX_LANGUAGE_STANDARD = "gnu++14";
				CLANG_CXX_LIBRARY = "libc++";
				CLANG_ENABLE_MODULES = YES;
				CLANG_ENABLE_OBJC_ARC = YES;
				CLANG_ENABLE_OBJC_WEAK = YES;
				CLANG_WARN_BLOCK_CAPTURE_AUTORELEASING = YES;
				CLANG_WARN_BOOL_CONVERSION = YES;
				CLANG_WARN_COMMA = YES;
				CLANG_WARN_CONSTANT_CONVERSION = YES;
				CLANG_WARN_DEPRECATED_OBJC_IMPLEMENTATIONS = YES;
				CLANG_WARN_DIRECT_OBJC_ISA_USAGE = YES_ERROR;
				CLANG_WARN_DOCUMENTATION_COMMENTS = YES;
				CLANG_WARN_EMPTY_BODY = YES;
				CLANG_WARN_ENUM_CONVERSION = YES;
				CLANG_WARN_INFINITE_RECURSION = YES;
				CLANG_WARN_INT_CONVERSION = YES;
				CLANG_WARN_NON_LITERAL_NULL_CONVERSION = YES;
				CLANG_WARN_OBJC_IMPLICIT_RETAIN_SELF = YES;
				CLANG_WARN_OBJC_LITERAL_CONVERSION = YES;
				CLANG_WARN_OBJC_ROOT_CLASS = YES_ERROR;
				CLANG_WARN_QUOTED_INCLUDE_IN_FRAMEWORK_HEADER = YES;
				CLANG_WARN_RANGE_LOOP_ANALYSIS = YES;
				CLANG_WARN_STRICT_PROTOTYPES = YES;
				CLANG_WARN_SUSPICIOUS_MOVE = YES;
				CLANG_WARN_UNGUARDED_AVAILABILITY = YES_AGGRESSIVE;
				CLANG_WARN_UNREACHABLE_CODE = YES;
				CLANG_WARN__DUPLICATE_METHOD_MATCH = YES;
				COPY_PHASE_STRIP = NO;
				DEBUG_INFORMATION_FORMAT = dwarf;
				ENABLE_STRICT_OBJC_MSGSEND = YES;
				ENABLE_TESTABILITY = YES;
				GCC_C_LANGUAGE_STANDARD = gnu11;
				GCC_DYNAMIC_NO_PIC = NO;
				GCC_NO_COMMON_BLOCKS = YES;
				GCC_OPTIMIZATION_LEVEL = 0;
				GCC_PREPROCESSOR_DEFINITIONS = (
					"DEBUG=1",
					"$(inherited)",
				);
				GCC_WARN_64_TO_32_BIT_CONVERSION = YES;
				GCC_WARN_ABOUT_RETURN_TYPE = YES_ERROR;
				GCC_WARN_UNDECLARED_SELECTOR = YES;
				GCC_WARN_UNINITIALIZED_AUTOS = YES_AGGRESSIVE;
				GCC_WARN_UNUSED_FUNCTION = YES;
				GCC_WARN_UNUSED_VARIABLE = YES;
				IPHONEOS_DEPLOYMENT_TARGET = 14.2;
				MTL_ENABLE_DEBUG_INFO = INCLUDE_SOURCE;
				MTL_FAST_MATH = YES;
				ONLY_ACTIVE_ARCH = YES;
				SDKROOT = iphoneos;
				SWIFT_ACTIVE_COMPILATION_CONDITIONS = DEBUG;
				SWIFT_OPTIMIZATION_LEVEL = "-Onone";
			};
			name = Debug;
		};
		63487B1C2568CB090005BC68 /* Release */ = {
			isa = XCBuildConfiguration;
			buildSettings = {
				ALWAYS_SEARCH_USER_PATHS = NO;
				CLANG_ANALYZER_NONNULL = YES;
				CLANG_ANALYZER_NUMBER_OBJECT_CONVERSION = YES_AGGRESSIVE;
				CLANG_CXX_LANGUAGE_STANDARD = "gnu++14";
				CLANG_CXX_LIBRARY = "libc++";
				CLANG_ENABLE_MODULES = YES;
				CLANG_ENABLE_OBJC_ARC = YES;
				CLANG_ENABLE_OBJC_WEAK = YES;
				CLANG_WARN_BLOCK_CAPTURE_AUTORELEASING = YES;
				CLANG_WARN_BOOL_CONVERSION = YES;
				CLANG_WARN_COMMA = YES;
				CLANG_WARN_CONSTANT_CONVERSION = YES;
				CLANG_WARN_DEPRECATED_OBJC_IMPLEMENTATIONS = YES;
				CLANG_WARN_DIRECT_OBJC_ISA_USAGE = YES_ERROR;
				CLANG_WARN_DOCUMENTATION_COMMENTS = YES;
				CLANG_WARN_EMPTY_BODY = YES;
				CLANG_WARN_ENUM_CONVERSION = YES;
				CLANG_WARN_INFINITE_RECURSION = YES;
				CLANG_WARN_INT_CONVERSION = YES;
				CLANG_WARN_NON_LITERAL_NULL_CONVERSION = YES;
				CLANG_WARN_OBJC_IMPLICIT_RETAIN_SELF = YES;
				CLANG_WARN_OBJC_LITERAL_CONVERSION = YES;
				CLANG_WARN_OBJC_ROOT_CLASS = YES_ERROR;
				CLANG_WARN_QUOTED_INCLUDE_IN_FRAMEWORK_HEADER = YES;
				CLANG_WARN_RANGE_LOOP_ANALYSIS = YES;
				CLANG_WARN_STRICT_PROTOTYPES = YES;
				CLANG_WARN_SUSPICIOUS_MOVE = YES;
				CLANG_WARN_UNGUARDED_AVAILABILITY = YES_AGGRESSIVE;
				CLANG_WARN_UNREACHABLE_CODE = YES;
				CLANG_WARN__DUPLICATE_METHOD_MATCH = YES;
				COPY_PHASE_STRIP = NO;
				DEBUG_INFORMATION_FORMAT = "dwarf-with-dsym";
				ENABLE_NS_ASSERTIONS = NO;
				ENABLE_STRICT_OBJC_MSGSEND = YES;
				GCC_C_LANGUAGE_STANDARD = gnu11;
				GCC_NO_COMMON_BLOCKS = YES;
				GCC_WARN_64_TO_32_BIT_CONVERSION = YES;
				GCC_WARN_ABOUT_RETURN_TYPE = YES_ERROR;
				GCC_WARN_UNDECLARED_SELECTOR = YES;
				GCC_WARN_UNINITIALIZED_AUTOS = YES_AGGRESSIVE;
				GCC_WARN_UNUSED_FUNCTION = YES;
				GCC_WARN_UNUSED_VARIABLE = YES;
				IPHONEOS_DEPLOYMENT_TARGET = 14.2;
				MTL_ENABLE_DEBUG_INFO = NO;
				MTL_FAST_MATH = YES;
				SDKROOT = iphoneos;
				SWIFT_COMPILATION_MODE = wholemodule;
				SWIFT_OPTIMIZATION_LEVEL = "-O";
				VALIDATE_PRODUCT = YES;
			};
			name = Release;
		};
		63487B1E2568CB090005BC68 /* Debug */ = {
			isa = XCBuildConfiguration;
			baseConfigurationReference = 7FA8F5676542C6208F2975CE /* Pods-Week5Seminar.debug.xcconfig */;
			buildSettings = {
				ASSETCATALOG_COMPILER_APPICON_NAME = AppIcon;
				ASSETCATALOG_COMPILER_GLOBAL_ACCENT_COLOR_NAME = AccentColor;
				CODE_SIGN_STYLE = Automatic;
				DEVELOPMENT_TEAM = 4YXV56BSN6;
				INFOPLIST_FILE = Week5Seminar/Info.plist;
				LD_RUNPATH_SEARCH_PATHS = (
					"$(inherited)",
					"@executable_path/Frameworks",
				);
				PRODUCT_BUNDLE_IDENTIFIER = yeseullee.Week5Seminar;
				PRODUCT_NAME = "$(TARGET_NAME)";
				SWIFT_VERSION = 5.0;
				TARGETED_DEVICE_FAMILY = "1,2";
			};
			name = Debug;
		};
		63487B1F2568CB090005BC68 /* Release */ = {
			isa = XCBuildConfiguration;
			baseConfigurationReference = A1C6CCE8DF74BB5E4DF8E6F5 /* Pods-Week5Seminar.release.xcconfig */;
			buildSettings = {
				ASSETCATALOG_COMPILER_APPICON_NAME = AppIcon;
				ASSETCATALOG_COMPILER_GLOBAL_ACCENT_COLOR_NAME = AccentColor;
				CODE_SIGN_STYLE = Automatic;
				DEVELOPMENT_TEAM = 4YXV56BSN6;
				INFOPLIST_FILE = Week5Seminar/Info.plist;
				LD_RUNPATH_SEARCH_PATHS = (
					"$(inherited)",
					"@executable_path/Frameworks",
				);
				PRODUCT_BUNDLE_IDENTIFIER = yeseullee.Week5Seminar;
				PRODUCT_NAME = "$(TARGET_NAME)";
				SWIFT_VERSION = 5.0;
				TARGETED_DEVICE_FAMILY = "1,2";
			};
			name = Release;
		};
/* End XCBuildConfiguration section */

/* Begin XCConfigurationList section */
		63487B042568CB070005BC68 /* Build configuration list for PBXProject "Week5Seminar" */ = {
			isa = XCConfigurationList;
			buildConfigurations = (
				63487B1B2568CB090005BC68 /* Debug */,
				63487B1C2568CB090005BC68 /* Release */,
			);
			defaultConfigurationIsVisible = 0;
			defaultConfigurationName = Release;
		};
		63487B1D2568CB090005BC68 /* Build configuration list for PBXNativeTarget "Week5Seminar" */ = {
			isa = XCConfigurationList;
			buildConfigurations = (
				63487B1E2568CB090005BC68 /* Debug */,
				63487B1F2568CB090005BC68 /* Release */,
			);
			defaultConfigurationIsVisible = 0;
			defaultConfigurationName = Release;
		};
/* End XCConfigurationList section */
	};
	rootObject = 63487B012568CB070005BC68 /* Project object */;
}
